
Microsoft Visual Studio Solution File, Format Version 12.00
# Visual Studio 15
VisualStudioVersion = 15.0.26430.16
MinimumVisualStudioVersion = 10.0.40219.1
Project("{D954291E-2A0B-460D-934E-DC6B0785DB48}") = "Plugin.AudioRecorder.Shared", "Plugin.AudioRecorder.Shared\Plugin.AudioRecorder.Shared.shproj", "{DE10F7FA-4B7D-4FFF-A40E-950CAE663B76}"
EndProject
Project("{5DD5E4FA-CB73-4610-85AB-557B54E96AA9}") = "Plugin.AudioRecorder.NuGet", "Plugin.AudioRecorder.NuGet\Plugin.AudioRecorder.NuGet.nuproj", "{C3A3E4BA-BBF1-4C9F-9003-5018639EECCF}"
	ProjectSection(ProjectDependencies) = postProject
		{63ACDD90-C65C-4060-BFA3-4ED608FF1BE7} = {63ACDD90-C65C-4060-BFA3-4ED608FF1BE7}
		{713DCBED-D101-493B-92C6-DE6C5B645829} = {713DCBED-D101-493B-92C6-DE6C5B645829}
	EndProjectSection
EndProject
Project("{FAE04EC0-301F-11D3-BF4B-00C04F79EFBC}") = "Plugin.AudioRecorder.iOS", "Plugin.AudioRecorder.iOS\Plugin.AudioRecorder.iOS.csproj", "{97D5CF18-98AA-4A96-81C9-4E17F1129C77}"
EndProject
Project("{FAE04EC0-301F-11D3-BF4B-00C04F79EFBC}") = "Plugin.AudioRecorder.Droid", "Plugin.AudioRecorder.Droid\Plugin.AudioRecorder.Droid.csproj", "{713DCBED-D101-493B-92C6-DE6C5B645829}"
EndProject
Project("{2150E333-8FDC-42A3-9474-1A3956D46DE8}") = "Samples", "Samples", "{C8341EBC-8572-4AF2-9E8A-EB6AC9910524}"
EndProject
Project("{FAE04EC0-301F-11D3-BF4B-00C04F79EFBC}") = "Plugin.AudioRecorder.UWP", "Plugin.AudioRecorder.UWP\Plugin.AudioRecorder.UWP.csproj", "{63ACDD90-C65C-4060-BFA3-4ED608FF1BE7}"
EndProject
Project("{2150E333-8FDC-42A3-9474-1A3956D46DE8}") = "Native", "Native", "{93371FCD-83D9-4C2A-9642-F02D70184E76}"
EndProject
Project("{FAE04EC0-301F-11D3-BF4B-00C04F79EFBC}") = "AudioRecord.Droid", "Samples\Native\AudioRecord.Android\AudioRecord.Droid.csproj", "{BAA47E1C-A5F2-428A-88E4-BA20B5A56230}"
EndProject
Project("{FAE04EC0-301F-11D3-BF4B-00C04F79EFBC}") = "AudioRecord.iOS", "Samples\Native\AudioRecord.iOS\AudioRecord.iOS.csproj", "{4BED8D5F-973E-41F8-8D07-FC91030D7264}"
EndProject
Project("{FAE04EC0-301F-11D3-BF4B-00C04F79EFBC}") = "AudioRecord.UWP", "Samples\Native\AudioRecord.UWP\AudioRecord.UWP.csproj", "{7145175F-568A-4E29-B977-EC8CEF6102D6}"
EndProject
Global
	GlobalSection(SharedMSBuildProjectFiles) = preSolution
		Plugin.AudioRecorder.Shared\Plugin.AudioRecorder.Shared.projitems*{63acdd90-c65c-4060-bfa3-4ed608ff1be7}*SharedItemsImports = 4
		Plugin.AudioRecorder.Shared\Plugin.AudioRecorder.Shared.projitems*{713dcbed-d101-493b-92c6-de6c5b645829}*SharedItemsImports = 4
		Plugin.AudioRecorder.Shared\Plugin.AudioRecorder.Shared.projitems*{97d5cf18-98aa-4a96-81c9-4e17f1129c77}*SharedItemsImports = 4
		Plugin.AudioRecorder.Shared\Plugin.AudioRecorder.Shared.projitems*{de10f7fa-4b7d-4fff-a40e-950cae663b76}*SharedItemsImports = 13
	EndGlobalSection
	GlobalSection(SolutionConfigurationPlatforms) = preSolution
		Ad-Hoc|Any CPU = Ad-Hoc|Any CPU
		Ad-Hoc|ARM = Ad-Hoc|ARM
		Ad-Hoc|iPhone = Ad-Hoc|iPhone
		Ad-Hoc|iPhoneSimulator = Ad-Hoc|iPhoneSimulator
		Ad-Hoc|x64 = Ad-Hoc|x64
		Ad-Hoc|x86 = Ad-Hoc|x86
		AppStore|Any CPU = AppStore|Any CPU
		AppStore|ARM = AppStore|ARM
		AppStore|iPhone = AppStore|iPhone
		AppStore|iPhoneSimulator = AppStore|iPhoneSimulator
		AppStore|x64 = AppStore|x64
		AppStore|x86 = AppStore|x86
		Debug|Any CPU = Debug|Any CPU
		Debug|ARM = Debug|ARM
		Debug|iPhone = Debug|iPhone
		Debug|iPhoneSimulator = Debug|iPhoneSimulator
		Debug|x64 = Debug|x64
		Debug|x86 = Debug|x86
		Release|Any CPU = Release|Any CPU
		Release|ARM = Release|ARM
		Release|iPhone = Release|iPhone
		Release|iPhoneSimulator = Release|iPhoneSimulator
		Release|x64 = Release|x64
		Release|x86 = Release|x86
	EndGlobalSection
	GlobalSection(ProjectConfigurationPlatforms) = postSolution
		{C3A3E4BA-BBF1-4C9F-9003-5018639EECCF}.Ad-Hoc|Any CPU.ActiveCfg = Debug|Any CPU
		{C3A3E4BA-BBF1-4C9F-9003-5018639EECCF}.Ad-Hoc|Any CPU.Build.0 = Debug|Any CPU
		{C3A3E4BA-BBF1-4C9F-9003-5018639EECCF}.Ad-Hoc|ARM.ActiveCfg = Debug|Any CPU
		{C3A3E4BA-BBF1-4C9F-9003-5018639EECCF}.Ad-Hoc|ARM.Build.0 = Debug|Any CPU
		{C3A3E4BA-BBF1-4C9F-9003-5018639EECCF}.Ad-Hoc|iPhone.ActiveCfg = Debug|Any CPU
		{C3A3E4BA-BBF1-4C9F-9003-5018639EECCF}.Ad-Hoc|iPhone.Build.0 = Debug|Any CPU
		{C3A3E4BA-BBF1-4C9F-9003-5018639EECCF}.Ad-Hoc|iPhoneSimulator.ActiveCfg = Debug|Any CPU
		{C3A3E4BA-BBF1-4C9F-9003-5018639EECCF}.Ad-Hoc|iPhoneSimulator.Build.0 = Debug|Any CPU
		{C3A3E4BA-BBF1-4C9F-9003-5018639EECCF}.Ad-Hoc|x64.ActiveCfg = Debug|Any CPU
		{C3A3E4BA-BBF1-4C9F-9003-5018639EECCF}.Ad-Hoc|x64.Build.0 = Debug|Any CPU
		{C3A3E4BA-BBF1-4C9F-9003-5018639EECCF}.Ad-Hoc|x86.ActiveCfg = Debug|Any CPU
		{C3A3E4BA-BBF1-4C9F-9003-5018639EECCF}.Ad-Hoc|x86.Build.0 = Debug|Any CPU
		{C3A3E4BA-BBF1-4C9F-9003-5018639EECCF}.AppStore|Any CPU.ActiveCfg = Debug|Any CPU
		{C3A3E4BA-BBF1-4C9F-9003-5018639EECCF}.AppStore|Any CPU.Build.0 = Debug|Any CPU
		{C3A3E4BA-BBF1-4C9F-9003-5018639EECCF}.AppStore|ARM.ActiveCfg = Debug|Any CPU
		{C3A3E4BA-BBF1-4C9F-9003-5018639EECCF}.AppStore|ARM.Build.0 = Debug|Any CPU
		{C3A3E4BA-BBF1-4C9F-9003-5018639EECCF}.AppStore|iPhone.ActiveCfg = Debug|Any CPU
		{C3A3E4BA-BBF1-4C9F-9003-5018639EECCF}.AppStore|iPhone.Build.0 = Debug|Any CPU
		{C3A3E4BA-BBF1-4C9F-9003-5018639EECCF}.AppStore|iPhoneSimulator.ActiveCfg = Debug|Any CPU
		{C3A3E4BA-BBF1-4C9F-9003-5018639EECCF}.AppStore|iPhoneSimulator.Build.0 = Debug|Any CPU
		{C3A3E4BA-BBF1-4C9F-9003-5018639EECCF}.AppStore|x64.ActiveCfg = Debug|Any CPU
		{C3A3E4BA-BBF1-4C9F-9003-5018639EECCF}.AppStore|x64.Build.0 = Debug|Any CPU
		{C3A3E4BA-BBF1-4C9F-9003-5018639EECCF}.AppStore|x86.ActiveCfg = Debug|Any CPU
		{C3A3E4BA-BBF1-4C9F-9003-5018639EECCF}.AppStore|x86.Build.0 = Debug|Any CPU
		{C3A3E4BA-BBF1-4C9F-9003-5018639EECCF}.Debug|Any CPU.ActiveCfg = Debug|Any CPU
		{C3A3E4BA-BBF1-4C9F-9003-5018639EECCF}.Debug|Any CPU.Build.0 = Debug|Any CPU
		{C3A3E4BA-BBF1-4C9F-9003-5018639EECCF}.Debug|ARM.ActiveCfg = Debug|Any CPU
		{C3A3E4BA-BBF1-4C9F-9003-5018639EECCF}.Debug|ARM.Build.0 = Debug|Any CPU
		{C3A3E4BA-BBF1-4C9F-9003-5018639EECCF}.Debug|iPhone.ActiveCfg = Debug|Any CPU
		{C3A3E4BA-BBF1-4C9F-9003-5018639EECCF}.Debug|iPhone.Build.0 = Debug|Any CPU
		{C3A3E4BA-BBF1-4C9F-9003-5018639EECCF}.Debug|iPhoneSimulator.ActiveCfg = Debug|Any CPU
		{C3A3E4BA-BBF1-4C9F-9003-5018639EECCF}.Debug|iPhoneSimulator.Build.0 = Debug|Any CPU
		{C3A3E4BA-BBF1-4C9F-9003-5018639EECCF}.Debug|x64.ActiveCfg = Debug|Any CPU
		{C3A3E4BA-BBF1-4C9F-9003-5018639EECCF}.Debug|x64.Build.0 = Debug|Any CPU
		{C3A3E4BA-BBF1-4C9F-9003-5018639EECCF}.Debug|x86.ActiveCfg = Debug|Any CPU
		{C3A3E4BA-BBF1-4C9F-9003-5018639EECCF}.Debug|x86.Build.0 = Debug|Any CPU
		{C3A3E4BA-BBF1-4C9F-9003-5018639EECCF}.Release|Any CPU.ActiveCfg = Release|Any CPU
		{C3A3E4BA-BBF1-4C9F-9003-5018639EECCF}.Release|Any CPU.Build.0 = Release|Any CPU
		{C3A3E4BA-BBF1-4C9F-9003-5018639EECCF}.Release|ARM.ActiveCfg = Debug|Any CPU
		{C3A3E4BA-BBF1-4C9F-9003-5018639EECCF}.Release|ARM.Build.0 = Debug|Any CPU
		{C3A3E4BA-BBF1-4C9F-9003-5018639EECCF}.Release|iPhone.ActiveCfg = Debug|Any CPU
		{C3A3E4BA-BBF1-4C9F-9003-5018639EECCF}.Release|iPhone.Build.0 = Debug|Any CPU
		{C3A3E4BA-BBF1-4C9F-9003-5018639EECCF}.Release|iPhoneSimulator.ActiveCfg = Debug|Any CPU
		{C3A3E4BA-BBF1-4C9F-9003-5018639EECCF}.Release|iPhoneSimulator.Build.0 = Debug|Any CPU
		{C3A3E4BA-BBF1-4C9F-9003-5018639EECCF}.Release|x64.ActiveCfg = Debug|Any CPU
		{C3A3E4BA-BBF1-4C9F-9003-5018639EECCF}.Release|x64.Build.0 = Debug|Any CPU
		{C3A3E4BA-BBF1-4C9F-9003-5018639EECCF}.Release|x86.ActiveCfg = Debug|Any CPU
		{C3A3E4BA-BBF1-4C9F-9003-5018639EECCF}.Release|x86.Build.0 = Debug|Any CPU
		{97D5CF18-98AA-4A96-81C9-4E17F1129C77}.Ad-Hoc|Any CPU.ActiveCfg = Release|Any CPU
		{97D5CF18-98AA-4A96-81C9-4E17F1129C77}.Ad-Hoc|Any CPU.Build.0 = Release|Any CPU
		{97D5CF18-98AA-4A96-81C9-4E17F1129C77}.Ad-Hoc|ARM.ActiveCfg = Release|Any CPU
		{97D5CF18-98AA-4A96-81C9-4E17F1129C77}.Ad-Hoc|ARM.Build.0 = Release|Any CPU
		{97D5CF18-98AA-4A96-81C9-4E17F1129C77}.Ad-Hoc|iPhone.ActiveCfg = Release|Any CPU
		{97D5CF18-98AA-4A96-81C9-4E17F1129C77}.Ad-Hoc|iPhone.Build.0 = Release|Any CPU
		{97D5CF18-98AA-4A96-81C9-4E17F1129C77}.Ad-Hoc|iPhoneSimulator.ActiveCfg = Release|Any CPU
		{97D5CF18-98AA-4A96-81C9-4E17F1129C77}.Ad-Hoc|iPhoneSimulator.Build.0 = Release|Any CPU
		{97D5CF18-98AA-4A96-81C9-4E17F1129C77}.Ad-Hoc|x64.ActiveCfg = Release|Any CPU
		{97D5CF18-98AA-4A96-81C9-4E17F1129C77}.Ad-Hoc|x64.Build.0 = Release|Any CPU
		{97D5CF18-98AA-4A96-81C9-4E17F1129C77}.Ad-Hoc|x86.ActiveCfg = Release|Any CPU
		{97D5CF18-98AA-4A96-81C9-4E17F1129C77}.Ad-Hoc|x86.Build.0 = Release|Any CPU
		{97D5CF18-98AA-4A96-81C9-4E17F1129C77}.AppStore|Any CPU.ActiveCfg = Release|Any CPU
		{97D5CF18-98AA-4A96-81C9-4E17F1129C77}.AppStore|Any CPU.Build.0 = Release|Any CPU
		{97D5CF18-98AA-4A96-81C9-4E17F1129C77}.AppStore|ARM.ActiveCfg = Release|Any CPU
		{97D5CF18-98AA-4A96-81C9-4E17F1129C77}.AppStore|ARM.Build.0 = Release|Any CPU
		{97D5CF18-98AA-4A96-81C9-4E17F1129C77}.AppStore|iPhone.ActiveCfg = Release|Any CPU
		{97D5CF18-98AA-4A96-81C9-4E17F1129C77}.AppStore|iPhone.Build.0 = Release|Any CPU
		{97D5CF18-98AA-4A96-81C9-4E17F1129C77}.AppStore|iPhoneSimulator.ActiveCfg = Release|Any CPU
		{97D5CF18-98AA-4A96-81C9-4E17F1129C77}.AppStore|iPhoneSimulator.Build.0 = Release|Any CPU
		{97D5CF18-98AA-4A96-81C9-4E17F1129C77}.AppStore|x64.ActiveCfg = Release|Any CPU
		{97D5CF18-98AA-4A96-81C9-4E17F1129C77}.AppStore|x64.Build.0 = Release|Any CPU
		{97D5CF18-98AA-4A96-81C9-4E17F1129C77}.AppStore|x86.ActiveCfg = Release|Any CPU
		{97D5CF18-98AA-4A96-81C9-4E17F1129C77}.AppStore|x86.Build.0 = Release|Any CPU
		{97D5CF18-98AA-4A96-81C9-4E17F1129C77}.Debug|Any CPU.ActiveCfg = Debug|Any CPU
		{97D5CF18-98AA-4A96-81C9-4E17F1129C77}.Debug|Any CPU.Build.0 = Debug|Any CPU
		{97D5CF18-98AA-4A96-81C9-4E17F1129C77}.Debug|ARM.ActiveCfg = Debug|Any CPU
		{97D5CF18-98AA-4A96-81C9-4E17F1129C77}.Debug|ARM.Build.0 = Debug|Any CPU
		{97D5CF18-98AA-4A96-81C9-4E17F1129C77}.Debug|iPhone.ActiveCfg = Debug|Any CPU
		{97D5CF18-98AA-4A96-81C9-4E17F1129C77}.Debug|iPhone.Build.0 = Debug|Any CPU
		{97D5CF18-98AA-4A96-81C9-4E17F1129C77}.Debug|iPhoneSimulator.ActiveCfg = Debug|Any CPU
		{97D5CF18-98AA-4A96-81C9-4E17F1129C77}.Debug|iPhoneSimulator.Build.0 = Debug|Any CPU
		{97D5CF18-98AA-4A96-81C9-4E17F1129C77}.Debug|x64.ActiveCfg = Debug|Any CPU
		{97D5CF18-98AA-4A96-81C9-4E17F1129C77}.Debug|x64.Build.0 = Debug|Any CPU
		{97D5CF18-98AA-4A96-81C9-4E17F1129C77}.Debug|x86.ActiveCfg = Debug|Any CPU
		{97D5CF18-98AA-4A96-81C9-4E17F1129C77}.Debug|x86.Build.0 = Debug|Any CPU
		{97D5CF18-98AA-4A96-81C9-4E17F1129C77}.Release|Any CPU.ActiveCfg = Release|Any CPU
		{97D5CF18-98AA-4A96-81C9-4E17F1129C77}.Release|Any CPU.Build.0 = Release|Any CPU
		{97D5CF18-98AA-4A96-81C9-4E17F1129C77}.Release|ARM.ActiveCfg = Release|Any CPU
		{97D5CF18-98AA-4A96-81C9-4E17F1129C77}.Release|ARM.Build.0 = Release|Any CPU
		{97D5CF18-98AA-4A96-81C9-4E17F1129C77}.Release|iPhone.ActiveCfg = Release|Any CPU
		{97D5CF18-98AA-4A96-81C9-4E17F1129C77}.Release|iPhone.Build.0 = Release|Any CPU
		{97D5CF18-98AA-4A96-81C9-4E17F1129C77}.Release|iPhoneSimulator.ActiveCfg = Release|Any CPU
		{97D5CF18-98AA-4A96-81C9-4E17F1129C77}.Release|iPhoneSimulator.Build.0 = Release|Any CPU
		{97D5CF18-98AA-4A96-81C9-4E17F1129C77}.Release|x64.ActiveCfg = Release|Any CPU
		{97D5CF18-98AA-4A96-81C9-4E17F1129C77}.Release|x64.Build.0 = Release|Any CPU
		{97D5CF18-98AA-4A96-81C9-4E17F1129C77}.Release|x86.ActiveCfg = Release|Any CPU
		{97D5CF18-98AA-4A96-81C9-4E17F1129C77}.Release|x86.Build.0 = Release|Any CPU
		{713DCBED-D101-493B-92C6-DE6C5B645829}.Ad-Hoc|Any CPU.ActiveCfg = Release|Any CPU
		{713DCBED-D101-493B-92C6-DE6C5B645829}.Ad-Hoc|Any CPU.Build.0 = Release|Any CPU
		{713DCBED-D101-493B-92C6-DE6C5B645829}.Ad-Hoc|ARM.ActiveCfg = Release|Any CPU
		{713DCBED-D101-493B-92C6-DE6C5B645829}.Ad-Hoc|ARM.Build.0 = Release|Any CPU
		{713DCBED-D101-493B-92C6-DE6C5B645829}.Ad-Hoc|iPhone.ActiveCfg = Release|Any CPU
		{713DCBED-D101-493B-92C6-DE6C5B645829}.Ad-Hoc|iPhone.Build.0 = Release|Any CPU
		{713DCBED-D101-493B-92C6-DE6C5B645829}.Ad-Hoc|iPhoneSimulator.ActiveCfg = Release|Any CPU
		{713DCBED-D101-493B-92C6-DE6C5B645829}.Ad-Hoc|iPhoneSimulator.Build.0 = Release|Any CPU
		{713DCBED-D101-493B-92C6-DE6C5B645829}.Ad-Hoc|x64.ActiveCfg = Release|Any CPU
		{713DCBED-D101-493B-92C6-DE6C5B645829}.Ad-Hoc|x64.Build.0 = Release|Any CPU
		{713DCBED-D101-493B-92C6-DE6C5B645829}.Ad-Hoc|x86.ActiveCfg = Release|Any CPU
		{713DCBED-D101-493B-92C6-DE6C5B645829}.Ad-Hoc|x86.Build.0 = Release|Any CPU
		{713DCBED-D101-493B-92C6-DE6C5B645829}.AppStore|Any CPU.ActiveCfg = Release|Any CPU
		{713DCBED-D101-493B-92C6-DE6C5B645829}.AppStore|Any CPU.Build.0 = Release|Any CPU
		{713DCBED-D101-493B-92C6-DE6C5B645829}.AppStore|ARM.ActiveCfg = Release|Any CPU
		{713DCBED-D101-493B-92C6-DE6C5B645829}.AppStore|ARM.Build.0 = Release|Any CPU
		{713DCBED-D101-493B-92C6-DE6C5B645829}.AppStore|iPhone.ActiveCfg = Release|Any CPU
		{713DCBED-D101-493B-92C6-DE6C5B645829}.AppStore|iPhone.Build.0 = Release|Any CPU
		{713DCBED-D101-493B-92C6-DE6C5B645829}.AppStore|iPhoneSimulator.ActiveCfg = Release|Any CPU
		{713DCBED-D101-493B-92C6-DE6C5B645829}.AppStore|iPhoneSimulator.Build.0 = Release|Any CPU
		{713DCBED-D101-493B-92C6-DE6C5B645829}.AppStore|x64.ActiveCfg = Release|Any CPU
		{713DCBED-D101-493B-92C6-DE6C5B645829}.AppStore|x64.Build.0 = Release|Any CPU
		{713DCBED-D101-493B-92C6-DE6C5B645829}.AppStore|x86.ActiveCfg = Release|Any CPU
		{713DCBED-D101-493B-92C6-DE6C5B645829}.AppStore|x86.Build.0 = Release|Any CPU
		{713DCBED-D101-493B-92C6-DE6C5B645829}.Debug|Any CPU.ActiveCfg = Debug|Any CPU
		{713DCBED-D101-493B-92C6-DE6C5B645829}.Debug|Any CPU.Build.0 = Debug|Any CPU
		{713DCBED-D101-493B-92C6-DE6C5B645829}.Debug|ARM.ActiveCfg = Debug|Any CPU
		{713DCBED-D101-493B-92C6-DE6C5B645829}.Debug|ARM.Build.0 = Debug|Any CPU
		{713DCBED-D101-493B-92C6-DE6C5B645829}.Debug|iPhone.ActiveCfg = Debug|Any CPU
		{713DCBED-D101-493B-92C6-DE6C5B645829}.Debug|iPhone.Build.0 = Debug|Any CPU
		{713DCBED-D101-493B-92C6-DE6C5B645829}.Debug|iPhoneSimulator.ActiveCfg = Debug|Any CPU
		{713DCBED-D101-493B-92C6-DE6C5B645829}.Debug|iPhoneSimulator.Build.0 = Debug|Any CPU
		{713DCBED-D101-493B-92C6-DE6C5B645829}.Debug|x64.ActiveCfg = Debug|Any CPU
		{713DCBED-D101-493B-92C6-DE6C5B645829}.Debug|x64.Build.0 = Debug|Any CPU
		{713DCBED-D101-493B-92C6-DE6C5B645829}.Debug|x86.ActiveCfg = Debug|Any CPU
		{713DCBED-D101-493B-92C6-DE6C5B645829}.Debug|x86.Build.0 = Debug|Any CPU
		{713DCBED-D101-493B-92C6-DE6C5B645829}.Release|Any CPU.ActiveCfg = Release|Any CPU
		{713DCBED-D101-493B-92C6-DE6C5B645829}.Release|Any CPU.Build.0 = Release|Any CPU
		{713DCBED-D101-493B-92C6-DE6C5B645829}.Release|ARM.ActiveCfg = Release|Any CPU
		{713DCBED-D101-493B-92C6-DE6C5B645829}.Release|ARM.Build.0 = Release|Any CPU
		{713DCBED-D101-493B-92C6-DE6C5B645829}.Release|iPhone.ActiveCfg = Release|Any CPU
		{713DCBED-D101-493B-92C6-DE6C5B645829}.Release|iPhone.Build.0 = Release|Any CPU
		{713DCBED-D101-493B-92C6-DE6C5B645829}.Release|iPhoneSimulator.ActiveCfg = Release|Any CPU
		{713DCBED-D101-493B-92C6-DE6C5B645829}.Release|iPhoneSimulator.Build.0 = Release|Any CPU
		{713DCBED-D101-493B-92C6-DE6C5B645829}.Release|x64.ActiveCfg = Release|Any CPU
		{713DCBED-D101-493B-92C6-DE6C5B645829}.Release|x64.Build.0 = Release|Any CPU
		{713DCBED-D101-493B-92C6-DE6C5B645829}.Release|x86.ActiveCfg = Release|Any CPU
		{713DCBED-D101-493B-92C6-DE6C5B645829}.Release|x86.Build.0 = Release|Any CPU
		{63ACDD90-C65C-4060-BFA3-4ED608FF1BE7}.Ad-Hoc|Any CPU.ActiveCfg = Release|Any CPU
		{63ACDD90-C65C-4060-BFA3-4ED608FF1BE7}.Ad-Hoc|Any CPU.Build.0 = Release|Any CPU
		{63ACDD90-C65C-4060-BFA3-4ED608FF1BE7}.Ad-Hoc|ARM.ActiveCfg = Release|ARM
		{63ACDD90-C65C-4060-BFA3-4ED608FF1BE7}.Ad-Hoc|ARM.Build.0 = Release|ARM
		{63ACDD90-C65C-4060-BFA3-4ED608FF1BE7}.Ad-Hoc|iPhone.ActiveCfg = Release|Any CPU
		{63ACDD90-C65C-4060-BFA3-4ED608FF1BE7}.Ad-Hoc|iPhone.Build.0 = Release|Any CPU
		{63ACDD90-C65C-4060-BFA3-4ED608FF1BE7}.Ad-Hoc|iPhoneSimulator.ActiveCfg = Release|Any CPU
		{63ACDD90-C65C-4060-BFA3-4ED608FF1BE7}.Ad-Hoc|iPhoneSimulator.Build.0 = Release|Any CPU
		{63ACDD90-C65C-4060-BFA3-4ED608FF1BE7}.Ad-Hoc|x64.ActiveCfg = Release|x64
		{63ACDD90-C65C-4060-BFA3-4ED608FF1BE7}.Ad-Hoc|x64.Build.0 = Release|x64
		{63ACDD90-C65C-4060-BFA3-4ED608FF1BE7}.Ad-Hoc|x86.ActiveCfg = Release|x86
		{63ACDD90-C65C-4060-BFA3-4ED608FF1BE7}.Ad-Hoc|x86.Build.0 = Release|x86
		{63ACDD90-C65C-4060-BFA3-4ED608FF1BE7}.AppStore|Any CPU.ActiveCfg = Release|Any CPU
		{63ACDD90-C65C-4060-BFA3-4ED608FF1BE7}.AppStore|Any CPU.Build.0 = Release|Any CPU
		{63ACDD90-C65C-4060-BFA3-4ED608FF1BE7}.AppStore|ARM.ActiveCfg = Release|ARM
		{63ACDD90-C65C-4060-BFA3-4ED608FF1BE7}.AppStore|ARM.Build.0 = Release|ARM
		{63ACDD90-C65C-4060-BFA3-4ED608FF1BE7}.AppStore|iPhone.ActiveCfg = Release|Any CPU
		{63ACDD90-C65C-4060-BFA3-4ED608FF1BE7}.AppStore|iPhone.Build.0 = Release|Any CPU
		{63ACDD90-C65C-4060-BFA3-4ED608FF1BE7}.AppStore|iPhoneSimulator.ActiveCfg = Release|Any CPU
		{63ACDD90-C65C-4060-BFA3-4ED608FF1BE7}.AppStore|iPhoneSimulator.Build.0 = Release|Any CPU
		{63ACDD90-C65C-4060-BFA3-4ED608FF1BE7}.AppStore|x64.ActiveCfg = Release|x64
		{63ACDD90-C65C-4060-BFA3-4ED608FF1BE7}.AppStore|x64.Build.0 = Release|x64
		{63ACDD90-C65C-4060-BFA3-4ED608FF1BE7}.AppStore|x86.ActiveCfg = Release|x86
		{63ACDD90-C65C-4060-BFA3-4ED608FF1BE7}.AppStore|x86.Build.0 = Release|x86
		{63ACDD90-C65C-4060-BFA3-4ED608FF1BE7}.Debug|Any CPU.ActiveCfg = Debug|Any CPU
		{63ACDD90-C65C-4060-BFA3-4ED608FF1BE7}.Debug|Any CPU.Build.0 = Debug|Any CPU
		{63ACDD90-C65C-4060-BFA3-4ED608FF1BE7}.Debug|ARM.ActiveCfg = Debug|ARM
		{63ACDD90-C65C-4060-BFA3-4ED608FF1BE7}.Debug|ARM.Build.0 = Debug|ARM
		{63ACDD90-C65C-4060-BFA3-4ED608FF1BE7}.Debug|iPhone.ActiveCfg = Debug|Any CPU
		{63ACDD90-C65C-4060-BFA3-4ED608FF1BE7}.Debug|iPhone.Build.0 = Debug|Any CPU
		{63ACDD90-C65C-4060-BFA3-4ED608FF1BE7}.Debug|iPhoneSimulator.ActiveCfg = Debug|Any CPU
		{63ACDD90-C65C-4060-BFA3-4ED608FF1BE7}.Debug|iPhoneSimulator.Build.0 = Debug|Any CPU
		{63ACDD90-C65C-4060-BFA3-4ED608FF1BE7}.Debug|x64.ActiveCfg = Debug|x64
		{63ACDD90-C65C-4060-BFA3-4ED608FF1BE7}.Debug|x64.Build.0 = Debug|x64
		{63ACDD90-C65C-4060-BFA3-4ED608FF1BE7}.Debug|x86.ActiveCfg = Debug|x86
		{63ACDD90-C65C-4060-BFA3-4ED608FF1BE7}.Debug|x86.Build.0 = Debug|x86
		{63ACDD90-C65C-4060-BFA3-4ED608FF1BE7}.Release|Any CPU.ActiveCfg = Release|Any CPU
		{63ACDD90-C65C-4060-BFA3-4ED608FF1BE7}.Release|Any CPU.Build.0 = Release|Any CPU
		{63ACDD90-C65C-4060-BFA3-4ED608FF1BE7}.Release|ARM.ActiveCfg = Release|ARM
		{63ACDD90-C65C-4060-BFA3-4ED608FF1BE7}.Release|ARM.Build.0 = Release|ARM
		{63ACDD90-C65C-4060-BFA3-4ED608FF1BE7}.Release|iPhone.ActiveCfg = Release|Any CPU
		{63ACDD90-C65C-4060-BFA3-4ED608FF1BE7}.Release|iPhone.Build.0 = Release|Any CPU
		{63ACDD90-C65C-4060-BFA3-4ED608FF1BE7}.Release|iPhoneSimulator.ActiveCfg = Release|Any CPU
		{63ACDD90-C65C-4060-BFA3-4ED608FF1BE7}.Release|iPhoneSimulator.Build.0 = Release|Any CPU
		{63ACDD90-C65C-4060-BFA3-4ED608FF1BE7}.Release|x64.ActiveCfg = Release|x64
		{63ACDD90-C65C-4060-BFA3-4ED608FF1BE7}.Release|x64.Build.0 = Release|x64
		{63ACDD90-C65C-4060-BFA3-4ED608FF1BE7}.Release|x86.ActiveCfg = Release|x86
		{63ACDD90-C65C-4060-BFA3-4ED608FF1BE7}.Release|x86.Build.0 = Release|x86
		{BAA47E1C-A5F2-428A-88E4-BA20B5A56230}.Ad-Hoc|Any CPU.ActiveCfg = Release|Any CPU
		{BAA47E1C-A5F2-428A-88E4-BA20B5A56230}.Ad-Hoc|Any CPU.Build.0 = Release|Any CPU
		{BAA47E1C-A5F2-428A-88E4-BA20B5A56230}.Ad-Hoc|Any CPU.Deploy.0 = Release|Any CPU
		{BAA47E1C-A5F2-428A-88E4-BA20B5A56230}.Ad-Hoc|ARM.ActiveCfg = Release|Any CPU
		{BAA47E1C-A5F2-428A-88E4-BA20B5A56230}.Ad-Hoc|ARM.Build.0 = Release|Any CPU
		{BAA47E1C-A5F2-428A-88E4-BA20B5A56230}.Ad-Hoc|ARM.Deploy.0 = Release|Any CPU
		{BAA47E1C-A5F2-428A-88E4-BA20B5A56230}.Ad-Hoc|iPhone.ActiveCfg = Release|Any CPU
		{BAA47E1C-A5F2-428A-88E4-BA20B5A56230}.Ad-Hoc|iPhone.Build.0 = Release|Any CPU
		{BAA47E1C-A5F2-428A-88E4-BA20B5A56230}.Ad-Hoc|iPhone.Deploy.0 = Release|Any CPU
		{BAA47E1C-A5F2-428A-88E4-BA20B5A56230}.Ad-Hoc|iPhoneSimulator.ActiveCfg = Release|Any CPU
		{BAA47E1C-A5F2-428A-88E4-BA20B5A56230}.Ad-Hoc|iPhoneSimulator.Build.0 = Release|Any CPU
		{BAA47E1C-A5F2-428A-88E4-BA20B5A56230}.Ad-Hoc|iPhoneSimulator.Deploy.0 = Release|Any CPU
		{BAA47E1C-A5F2-428A-88E4-BA20B5A56230}.Ad-Hoc|x64.ActiveCfg = Release|Any CPU
		{BAA47E1C-A5F2-428A-88E4-BA20B5A56230}.Ad-Hoc|x64.Build.0 = Release|Any CPU
		{BAA47E1C-A5F2-428A-88E4-BA20B5A56230}.Ad-Hoc|x64.Deploy.0 = Release|Any CPU
		{BAA47E1C-A5F2-428A-88E4-BA20B5A56230}.Ad-Hoc|x86.ActiveCfg = Release|Any CPU
		{BAA47E1C-A5F2-428A-88E4-BA20B5A56230}.Ad-Hoc|x86.Build.0 = Release|Any CPU
		{BAA47E1C-A5F2-428A-88E4-BA20B5A56230}.Ad-Hoc|x86.Deploy.0 = Release|Any CPU
		{BAA47E1C-A5F2-428A-88E4-BA20B5A56230}.AppStore|Any CPU.ActiveCfg = Release|Any CPU
		{BAA47E1C-A5F2-428A-88E4-BA20B5A56230}.AppStore|Any CPU.Build.0 = Release|Any CPU
		{BAA47E1C-A5F2-428A-88E4-BA20B5A56230}.AppStore|Any CPU.Deploy.0 = Release|Any CPU
		{BAA47E1C-A5F2-428A-88E4-BA20B5A56230}.AppStore|ARM.ActiveCfg = Release|Any CPU
		{BAA47E1C-A5F2-428A-88E4-BA20B5A56230}.AppStore|ARM.Build.0 = Release|Any CPU
		{BAA47E1C-A5F2-428A-88E4-BA20B5A56230}.AppStore|ARM.Deploy.0 = Release|Any CPU
		{BAA47E1C-A5F2-428A-88E4-BA20B5A56230}.AppStore|iPhone.ActiveCfg = Release|Any CPU
		{BAA47E1C-A5F2-428A-88E4-BA20B5A56230}.AppStore|iPhone.Build.0 = Release|Any CPU
		{BAA47E1C-A5F2-428A-88E4-BA20B5A56230}.AppStore|iPhone.Deploy.0 = Release|Any CPU
		{BAA47E1C-A5F2-428A-88E4-BA20B5A56230}.AppStore|iPhoneSimulator.ActiveCfg = Release|Any CPU
		{BAA47E1C-A5F2-428A-88E4-BA20B5A56230}.AppStore|iPhoneSimulator.Build.0 = Release|Any CPU
		{BAA47E1C-A5F2-428A-88E4-BA20B5A56230}.AppStore|iPhoneSimulator.Deploy.0 = Release|Any CPU
		{BAA47E1C-A5F2-428A-88E4-BA20B5A56230}.AppStore|x64.ActiveCfg = Release|Any CPU
		{BAA47E1C-A5F2-428A-88E4-BA20B5A56230}.AppStore|x64.Build.0 = Release|Any CPU
		{BAA47E1C-A5F2-428A-88E4-BA20B5A56230}.AppStore|x64.Deploy.0 = Release|Any CPU
		{BAA47E1C-A5F2-428A-88E4-BA20B5A56230}.AppStore|x86.ActiveCfg = Release|Any CPU
		{BAA47E1C-A5F2-428A-88E4-BA20B5A56230}.AppStore|x86.Build.0 = Release|Any CPU
		{BAA47E1C-A5F2-428A-88E4-BA20B5A56230}.AppStore|x86.Deploy.0 = Release|Any CPU
		{BAA47E1C-A5F2-428A-88E4-BA20B5A56230}.Debug|Any CPU.ActiveCfg = Debug|Any CPU
		{BAA47E1C-A5F2-428A-88E4-BA20B5A56230}.Debug|Any CPU.Build.0 = Debug|Any CPU
		{BAA47E1C-A5F2-428A-88E4-BA20B5A56230}.Debug|Any CPU.Deploy.0 = Debug|Any CPU
		{BAA47E1C-A5F2-428A-88E4-BA20B5A56230}.Debug|ARM.ActiveCfg = Debug|Any CPU
		{BAA47E1C-A5F2-428A-88E4-BA20B5A56230}.Debug|ARM.Build.0 = Debug|Any CPU
		{BAA47E1C-A5F2-428A-88E4-BA20B5A56230}.Debug|ARM.Deploy.0 = Debug|Any CPU
		{BAA47E1C-A5F2-428A-88E4-BA20B5A56230}.Debug|iPhone.ActiveCfg = Debug|Any CPU
		{BAA47E1C-A5F2-428A-88E4-BA20B5A56230}.Debug|iPhone.Build.0 = Debug|Any CPU
		{BAA47E1C-A5F2-428A-88E4-BA20B5A56230}.Debug|iPhone.Deploy.0 = Debug|Any CPU
		{BAA47E1C-A5F2-428A-88E4-BA20B5A56230}.Debug|iPhoneSimulator.ActiveCfg = Debug|Any CPU
		{BAA47E1C-A5F2-428A-88E4-BA20B5A56230}.Debug|iPhoneSimulator.Build.0 = Debug|Any CPU
		{BAA47E1C-A5F2-428A-88E4-BA20B5A56230}.Debug|iPhoneSimulator.Deploy.0 = Debug|Any CPU
		{BAA47E1C-A5F2-428A-88E4-BA20B5A56230}.Debug|x64.ActiveCfg = Debug|Any CPU
		{BAA47E1C-A5F2-428A-88E4-BA20B5A56230}.Debug|x64.Build.0 = Debug|Any CPU
		{BAA47E1C-A5F2-428A-88E4-BA20B5A56230}.Debug|x64.Deploy.0 = Debug|Any CPU
		{BAA47E1C-A5F2-428A-88E4-BA20B5A56230}.Debug|x86.ActiveCfg = Debug|Any CPU
		{BAA47E1C-A5F2-428A-88E4-BA20B5A56230}.Debug|x86.Build.0 = Debug|Any CPU
		{BAA47E1C-A5F2-428A-88E4-BA20B5A56230}.Debug|x86.Deploy.0 = Debug|Any CPU
		{BAA47E1C-A5F2-428A-88E4-BA20B5A56230}.Release|Any CPU.ActiveCfg = Release|Any CPU
		{BAA47E1C-A5F2-428A-88E4-BA20B5A56230}.Release|Any CPU.Build.0 = Release|Any CPU
		{BAA47E1C-A5F2-428A-88E4-BA20B5A56230}.Release|Any CPU.Deploy.0 = Release|Any CPU
		{BAA47E1C-A5F2-428A-88E4-BA20B5A56230}.Release|ARM.ActiveCfg = Release|Any CPU
		{BAA47E1C-A5F2-428A-88E4-BA20B5A56230}.Release|ARM.Build.0 = Release|Any CPU
		{BAA47E1C-A5F2-428A-88E4-BA20B5A56230}.Release|ARM.Deploy.0 = Release|Any CPU
		{BAA47E1C-A5F2-428A-88E4-BA20B5A56230}.Release|iPhone.ActiveCfg = Release|Any CPU
		{BAA47E1C-A5F2-428A-88E4-BA20B5A56230}.Release|iPhone.Build.0 = Release|Any CPU
		{BAA47E1C-A5F2-428A-88E4-BA20B5A56230}.Release|iPhone.Deploy.0 = Release|Any CPU
		{BAA47E1C-A5F2-428A-88E4-BA20B5A56230}.Release|iPhoneSimulator.ActiveCfg = Release|Any CPU
		{BAA47E1C-A5F2-428A-88E4-BA20B5A56230}.Release|iPhoneSimulator.Build.0 = Release|Any CPU
		{BAA47E1C-A5F2-428A-88E4-BA20B5A56230}.Release|iPhoneSimulator.Deploy.0 = Release|Any CPU
		{BAA47E1C-A5F2-428A-88E4-BA20B5A56230}.Release|x64.ActiveCfg = Release|Any CPU
		{BAA47E1C-A5F2-428A-88E4-BA20B5A56230}.Release|x64.Build.0 = Release|Any CPU
		{BAA47E1C-A5F2-428A-88E4-BA20B5A56230}.Release|x64.Deploy.0 = Release|Any CPU
		{BAA47E1C-A5F2-428A-88E4-BA20B5A56230}.Release|x86.ActiveCfg = Release|Any CPU
		{BAA47E1C-A5F2-428A-88E4-BA20B5A56230}.Release|x86.Build.0 = Release|Any CPU
		{BAA47E1C-A5F2-428A-88E4-BA20B5A56230}.Release|x86.Deploy.0 = Release|Any CPU
		{4BED8D5F-973E-41F8-8D07-FC91030D7264}.Ad-Hoc|Any CPU.ActiveCfg = Ad-Hoc|iPhone
		{4BED8D5F-973E-41F8-8D07-FC91030D7264}.Ad-Hoc|ARM.ActiveCfg = Ad-Hoc|iPhone
		{4BED8D5F-973E-41F8-8D07-FC91030D7264}.Ad-Hoc|iPhone.ActiveCfg = Ad-Hoc|iPhone
		{4BED8D5F-973E-41F8-8D07-FC91030D7264}.Ad-Hoc|iPhone.Build.0 = Ad-Hoc|iPhone
		{4BED8D5F-973E-41F8-8D07-FC91030D7264}.Ad-Hoc|iPhoneSimulator.ActiveCfg = Ad-Hoc|iPhoneSimulator
		{4BED8D5F-973E-41F8-8D07-FC91030D7264}.Ad-Hoc|iPhoneSimulator.Build.0 = Ad-Hoc|iPhoneSimulator
		{4BED8D5F-973E-41F8-8D07-FC91030D7264}.Ad-Hoc|x64.ActiveCfg = Ad-Hoc|iPhone
		{4BED8D5F-973E-41F8-8D07-FC91030D7264}.Ad-Hoc|x86.ActiveCfg = Ad-Hoc|iPhone
		{4BED8D5F-973E-41F8-8D07-FC91030D7264}.AppStore|Any CPU.ActiveCfg = AppStore|iPhone
		{4BED8D5F-973E-41F8-8D07-FC91030D7264}.AppStore|ARM.ActiveCfg = AppStore|iPhone
		{4BED8D5F-973E-41F8-8D07-FC91030D7264}.AppStore|iPhone.ActiveCfg = AppStore|iPhone
		{4BED8D5F-973E-41F8-8D07-FC91030D7264}.AppStore|iPhone.Build.0 = AppStore|iPhone
		{4BED8D5F-973E-41F8-8D07-FC91030D7264}.AppStore|iPhoneSimulator.ActiveCfg = AppStore|iPhoneSimulator
		{4BED8D5F-973E-41F8-8D07-FC91030D7264}.AppStore|iPhoneSimulator.Build.0 = AppStore|iPhoneSimulator
		{4BED8D5F-973E-41F8-8D07-FC91030D7264}.AppStore|x64.ActiveCfg = AppStore|iPhone
		{4BED8D5F-973E-41F8-8D07-FC91030D7264}.AppStore|x86.ActiveCfg = AppStore|iPhone
		{4BED8D5F-973E-41F8-8D07-FC91030D7264}.Debug|Any CPU.ActiveCfg = Debug|iPhone
		{4BED8D5F-973E-41F8-8D07-FC91030D7264}.Debug|ARM.ActiveCfg = Debug|iPhone
		{4BED8D5F-973E-41F8-8D07-FC91030D7264}.Debug|iPhone.ActiveCfg = Debug|iPhone
		{4BED8D5F-973E-41F8-8D07-FC91030D7264}.Debug|iPhone.Build.0 = Debug|iPhone
		{4BED8D5F-973E-41F8-8D07-FC91030D7264}.Debug|iPhoneSimulator.ActiveCfg = Debug|iPhoneSimulator
		{4BED8D5F-973E-41F8-8D07-FC91030D7264}.Debug|iPhoneSimulator.Build.0 = Debug|iPhoneSimulator
		{4BED8D5F-973E-41F8-8D07-FC91030D7264}.Debug|x64.ActiveCfg = Debug|iPhone
		{4BED8D5F-973E-41F8-8D07-FC91030D7264}.Debug|x86.ActiveCfg = Debug|iPhone
		{4BED8D5F-973E-41F8-8D07-FC91030D7264}.Release|Any CPU.ActiveCfg = Release|iPhone
		{4BED8D5F-973E-41F8-8D07-FC91030D7264}.Release|ARM.ActiveCfg = Release|iPhone
		{4BED8D5F-973E-41F8-8D07-FC91030D7264}.Release|iPhone.ActiveCfg = Release|iPhone
		{4BED8D5F-973E-41F8-8D07-FC91030D7264}.Release|iPhone.Build.0 = Release|iPhone
		{4BED8D5F-973E-41F8-8D07-FC91030D7264}.Release|iPhoneSimulator.ActiveCfg = Release|iPhoneSimulator
		{4BED8D5F-973E-41F8-8D07-FC91030D7264}.Release|iPhoneSimulator.Build.0 = Release|iPhoneSimulator
		{4BED8D5F-973E-41F8-8D07-FC91030D7264}.Release|x64.ActiveCfg = Release|iPhone
		{4BED8D5F-973E-41F8-8D07-FC91030D7264}.Release|x86.ActiveCfg = Release|iPhone
		{7145175F-568A-4E29-B977-EC8CEF6102D6}.Ad-Hoc|Any CPU.ActiveCfg = Release|x64
		{7145175F-568A-4E29-B977-EC8CEF6102D6}.Ad-Hoc|Any CPU.Build.0 = Release|x64
		{7145175F-568A-4E29-B977-EC8CEF6102D6}.Ad-Hoc|Any CPU.Deploy.0 = Release|x64
		{7145175F-568A-4E29-B977-EC8CEF6102D6}.Ad-Hoc|ARM.ActiveCfg = Release|ARM
		{7145175F-568A-4E29-B977-EC8CEF6102D6}.Ad-Hoc|ARM.Build.0 = Release|ARM
		{7145175F-568A-4E29-B977-EC8CEF6102D6}.Ad-Hoc|ARM.Deploy.0 = Release|ARM
		{7145175F-568A-4E29-B977-EC8CEF6102D6}.Ad-Hoc|iPhone.ActiveCfg = Release|x64
		{7145175F-568A-4E29-B977-EC8CEF6102D6}.Ad-Hoc|iPhone.Build.0 = Release|x64
		{7145175F-568A-4E29-B977-EC8CEF6102D6}.Ad-Hoc|iPhone.Deploy.0 = Release|x64
		{7145175F-568A-4E29-B977-EC8CEF6102D6}.Ad-Hoc|iPhoneSimulator.ActiveCfg = Release|x64
		{7145175F-568A-4E29-B977-EC8CEF6102D6}.Ad-Hoc|iPhoneSimulator.Build.0 = Release|x64
		{7145175F-568A-4E29-B977-EC8CEF6102D6}.Ad-Hoc|iPhoneSimulator.Deploy.0 = Release|x64
		{7145175F-568A-4E29-B977-EC8CEF6102D6}.Ad-Hoc|x64.ActiveCfg = Release|x64
		{7145175F-568A-4E29-B977-EC8CEF6102D6}.Ad-Hoc|x64.Build.0 = Release|x64
		{7145175F-568A-4E29-B977-EC8CEF6102D6}.Ad-Hoc|x64.Deploy.0 = Release|x64
		{7145175F-568A-4E29-B977-EC8CEF6102D6}.Ad-Hoc|x86.ActiveCfg = Release|x86
		{7145175F-568A-4E29-B977-EC8CEF6102D6}.Ad-Hoc|x86.Build.0 = Release|x86
		{7145175F-568A-4E29-B977-EC8CEF6102D6}.Ad-Hoc|x86.Deploy.0 = Release|x86
		{7145175F-568A-4E29-B977-EC8CEF6102D6}.AppStore|Any CPU.ActiveCfg = Release|x64
		{7145175F-568A-4E29-B977-EC8CEF6102D6}.AppStore|Any CPU.Build.0 = Release|x64
		{7145175F-568A-4E29-B977-EC8CEF6102D6}.AppStore|Any CPU.Deploy.0 = Release|x64
		{7145175F-568A-4E29-B977-EC8CEF6102D6}.AppStore|ARM.ActiveCfg = Release|ARM
		{7145175F-568A-4E29-B977-EC8CEF6102D6}.AppStore|ARM.Build.0 = Release|ARM
		{7145175F-568A-4E29-B977-EC8CEF6102D6}.AppStore|ARM.Deploy.0 = Release|ARM
		{7145175F-568A-4E29-B977-EC8CEF6102D6}.AppStore|iPhone.ActiveCfg = Release|x64
		{7145175F-568A-4E29-B977-EC8CEF6102D6}.AppStore|iPhone.Build.0 = Release|x64
		{7145175F-568A-4E29-B977-EC8CEF6102D6}.AppStore|iPhone.Deploy.0 = Release|x64
		{7145175F-568A-4E29-B977-EC8CEF6102D6}.AppStore|iPhoneSimulator.ActiveCfg = Release|x64
		{7145175F-568A-4E29-B977-EC8CEF6102D6}.AppStore|iPhoneSimulator.Build.0 = Release|x64
		{7145175F-568A-4E29-B977-EC8CEF6102D6}.AppStore|iPhoneSimulator.Deploy.0 = Release|x64
		{7145175F-568A-4E29-B977-EC8CEF6102D6}.AppStore|x64.ActiveCfg = Release|x64
		{7145175F-568A-4E29-B977-EC8CEF6102D6}.AppStore|x64.Build.0 = Release|x64
		{7145175F-568A-4E29-B977-EC8CEF6102D6}.AppStore|x64.Deploy.0 = Release|x64
		{7145175F-568A-4E29-B977-EC8CEF6102D6}.AppStore|x86.ActiveCfg = Release|x86
		{7145175F-568A-4E29-B977-EC8CEF6102D6}.AppStore|x86.Build.0 = Release|x86
		{7145175F-568A-4E29-B977-EC8CEF6102D6}.AppStore|x86.Deploy.0 = Release|x86
		{7145175F-568A-4E29-B977-EC8CEF6102D6}.Debug|Any CPU.ActiveCfg = Debug|x86
		{7145175F-568A-4E29-B977-EC8CEF6102D6}.Debug|ARM.ActiveCfg = Debug|ARM
		{7145175F-568A-4E29-B977-EC8CEF6102D6}.Debug|ARM.Build.0 = Debug|ARM
		{7145175F-568A-4E29-B977-EC8CEF6102D6}.Debug|ARM.Deploy.0 = Debug|ARM
		{7145175F-568A-4E29-B977-EC8CEF6102D6}.Debug|iPhone.ActiveCfg = Debug|x86
		{7145175F-568A-4E29-B977-EC8CEF6102D6}.Debug|iPhoneSimulator.ActiveCfg = Debug|x86
		{7145175F-568A-4E29-B977-EC8CEF6102D6}.Debug|x64.ActiveCfg = Debug|x64
		{7145175F-568A-4E29-B977-EC8CEF6102D6}.Debug|x64.Build.0 = Debug|x64
		{7145175F-568A-4E29-B977-EC8CEF6102D6}.Debug|x64.Deploy.0 = Debug|x64
		{7145175F-568A-4E29-B977-EC8CEF6102D6}.Debug|x86.ActiveCfg = Debug|x86
		{7145175F-568A-4E29-B977-EC8CEF6102D6}.Debug|x86.Build.0 = Debug|x86
		{7145175F-568A-4E29-B977-EC8CEF6102D6}.Debug|x86.Deploy.0 = Debug|x86
		{7145175F-568A-4E29-B977-EC8CEF6102D6}.Release|Any CPU.ActiveCfg = Release|x86
		{7145175F-568A-4E29-B977-EC8CEF6102D6}.Release|ARM.ActiveCfg = Release|ARM
		{7145175F-568A-4E29-B977-EC8CEF6102D6}.Release|ARM.Build.0 = Release|ARM
		{7145175F-568A-4E29-B977-EC8CEF6102D6}.Release|ARM.Deploy.0 = Release|ARM
		{7145175F-568A-4E29-B977-EC8CEF6102D6}.Release|iPhone.ActiveCfg = Release|x86
		{7145175F-568A-4E29-B977-EC8CEF6102D6}.Release|iPhoneSimulator.ActiveCfg = Release|x86
		{7145175F-568A-4E29-B977-EC8CEF6102D6}.Release|x64.ActiveCfg = Release|x64
		{7145175F-568A-4E29-B977-EC8CEF6102D6}.Release|x64.Build.0 = Release|x64
		{7145175F-568A-4E29-B977-EC8CEF6102D6}.Release|x64.Deploy.0 = Release|x64
		{7145175F-568A-4E29-B977-EC8CEF6102D6}.Release|x86.ActiveCfg = Release|x86
		{7145175F-568A-4E29-B977-EC8CEF6102D6}.Release|x86.Build.0 = Release|x86
		{7145175F-568A-4E29-B977-EC8CEF6102D6}.Release|x86.Deploy.0 = Release|x86
	EndGlobalSection
	GlobalSection(SolutionProperties) = preSolution
		HideSolutionNode = FALSE
	EndGlobalSection
	GlobalSection(NestedProjects) = preSolution
		{93371FCD-83D9-4C2A-9642-F02D70184E76} = {C8341EBC-8572-4AF2-9E8A-EB6AC9910524}
		{BAA47E1C-A5F2-428A-88E4-BA20B5A56230} = {93371FCD-83D9-4C2A-9642-F02D70184E76}
		{4BED8D5F-973E-41F8-8D07-FC91030D7264} = {93371FCD-83D9-4C2A-9642-F02D70184E76}
		{7145175F-568A-4E29-B977-EC8CEF6102D6} = {93371FCD-83D9-4C2A-9642-F02D70184E76}
	EndGlobalSection
EndGlobal
