Microsoft Visual Studio Solution File, Format Version 12.00
# Visual Studio Version 16
VisualStudioVersion = 16.0.30711.63
MinimumVisualStudioVersion = 10.0.40219.1
Project("{D954291E-2A0B-460D-934E-DC6B0785DB48}") = "Plugin.AudioRecorder.Shared", "Plugin.AudioRecorder.Shared\Plugin.AudioRecorder.Shared.shproj", "{8EA2B3CD-E80A-420F-B7FC-6F36583C7FD5}"
EndProject
Project("{FAE04EC0-301F-11D3-BF4B-00C04F79EFBC}") = "Plugin.AudioRecorder.iOS", "Plugin.AudioRecorder.iOS\Plugin.AudioRecorder.iOS.csproj", "{818D32EE-A561-4629-ACEA-94871C20D4A8}"
EndProject
Project("{FAE04EC0-301F-11D3-BF4B-00C04F79EFBC}") = "Plugin.AudioRecorder.Android", "Plugin.AudioRecorder.Android\Plugin.AudioRecorder.Android.csproj", "{B8C80930-F686-4FB5-8506-BD4EF845FD3D}"
EndProject
Project("{9A19103F-16F7-4668-BE54-9A1E7A4F7556}") = "Plugin.AudioRecorder", "Plugin.AudioRecorder\Plugin.AudioRecorder.csproj", "{E539C217-D04B-49A7-B4DB-80B277FB2210}"
EndProject
Project("{FAE04EC0-301F-11D3-BF4B-00C04F79EFBC}") = "Plugin.AudioRecorder.UWP", "Plugin.AudioRecorder.UWP\Plugin.AudioRecorder.UWP.csproj", "{8803A551-21D1-43AC-866C-39DDA703C237}"
EndProject
Project("{FAE04EC0-301F-11D3-BF4B-00C04F79EFBC}") = "AudioRecord.Forms.Android", "Samples\Forms\AudioRecord.Forms.Android\AudioRecord.Forms.Android.csproj", "{CB59A887-9999-4656-BDF0-CD47F3E1B1AA}"
EndProject
Project("{FAE04EC0-301F-11D3-BF4B-00C04F79EFBC}") = "AudioRecord.Forms.iOS", "Samples\Forms\AudioRecord.Forms.iOS\AudioRecord.Forms.iOS.csproj", "{59BC64BF-1DBD-4503-8D43-B6CE2E793D28}"
EndProject
Project("{FAE04EC0-301F-11D3-BF4B-00C04F79EFBC}") = "AudioRecord.Forms.UWP", "Samples\Forms\AudioRecord.Forms.UWP\AudioRecord.Forms.UWP.csproj", "{6893208B-5D12-437D-9CA6-BD3874534750}"
EndProject
Project("{9A19103F-16F7-4668-BE54-9A1E7A4F7556}") = "AudioRecord.Forms", "Samples\Forms\AudioRecord.Forms\AudioRecord.Forms.csproj", "{74BD10E3-1652-45C3-B16F-A6FFDD0D2AB5}"
EndProject
Project("{2150E333-8FDC-42A3-9474-1A3956D46DE8}") = "Samples", "Samples", "{F1C4E466-D9EE-4A35-911A-76B0D2EE7957}"
EndProject
Project("{2150E333-8FDC-42A3-9474-1A3956D46DE8}") = "Forms", "Forms", "{C5F9A714-9CE7-497F-A69F-141724136D09}"
EndProject
Project("{FAE04EC0-301F-11D3-BF4B-00C04F79EFBC}") = "AudioRecord.Android", "Samples\Native\AudioRecord.Android\AudioRecord.Android.csproj", "{56671F51-296E-4D10-B720-730D6B68AB4E}"
EndProject
Project("{2150E333-8FDC-42A3-9474-1A3956D46DE8}") = "Native", "Native", "{8D8122E2-5EEF-428F-86B7-36E80CD66E8C}"
EndProject
Project("{FAE04EC0-301F-11D3-BF4B-00C04F79EFBC}") = "AudioRecord.iOS", "Samples\Native\AudioRecord.iOS\AudioRecord.iOS.csproj", "{80A96B52-6758-4BDB-B0B4-CEA4CA155C60}"
EndProject
Project("{FAE04EC0-301F-11D3-BF4B-00C04F79EFBC}") = "AudioRecord.UWP", "Samples\Native\AudioRecord.UWP\AudioRecord.UWP.csproj", "{91FEA572-D946-42D6-BDEA-A13501D53601}"
EndProject
Project("{FAE04EC0-301F-11D3-BF4B-00C04F79EFBC}") = "Plugin.AudioRecorder.NuGet", "Plugin.AudioRecorder.NuGet\Plugin.AudioRecorder.NuGet.csproj", "{40009F33-51A1-49E4-9C94-890EAED26593}"
EndProject
Global
	GlobalSection(SharedMSBuildProjectFiles) = preSolution
		Plugin.AudioRecorder.Shared\Plugin.AudioRecorder.Shared.projitems*{818d32ee-a561-4629-acea-94871c20d4a8}*SharedItemsImports = 4
		Plugin.AudioRecorder.Shared\Plugin.AudioRecorder.Shared.projitems*{8803a551-21d1-43ac-866c-39dda703c237}*SharedItemsImports = 4
		Plugin.AudioRecorder.Shared\Plugin.AudioRecorder.Shared.projitems*{8ea2b3cd-e80a-420f-b7fc-6f36583c7fd5}*SharedItemsImports = 13
		Plugin.AudioRecorder.Shared\Plugin.AudioRecorder.Shared.projitems*{b8c80930-f686-4fb5-8506-bd4ef845fd3d}*SharedItemsImports = 4
		Plugin.AudioRecorder.Shared\Plugin.AudioRecorder.Shared.projitems*{e539c217-d04b-49a7-b4db-80b277fb2210}*SharedItemsImports = 5
	EndGlobalSection
	GlobalSection(SolutionConfigurationPlatforms) = preSolution
		Ad-Hoc|Any CPU = Ad-Hoc|Any CPU
		Ad-Hoc|ARM = Ad-Hoc|ARM
		Ad-Hoc|iPhone = Ad-Hoc|iPhone
		Ad-Hoc|iPhoneSimulator = Ad-Hoc|iPhoneSimulator
		Ad-Hoc|x64 = Ad-Hoc|x64
		Ad-Hoc|x86 = Ad-Hoc|x86
		AppStore|Any CPU = AppStore|Any CPU
		AppStore|ARM = AppStore|ARM
		AppStore|iPhone = AppStore|iPhone
		AppStore|iPhoneSimulator = AppStore|iPhoneSimulator
		AppStore|x64 = AppStore|x64
		AppStore|x86 = AppStore|x86
		Debug|Any CPU = Debug|Any CPU
		Debug|ARM = Debug|ARM
		Debug|iPhone = Debug|iPhone
		Debug|iPhoneSimulator = Debug|iPhoneSimulator
		Debug|x64 = Debug|x64
		Debug|x86 = Debug|x86
		Release|Any CPU = Release|Any CPU
		Release|ARM = Release|ARM
		Release|iPhone = Release|iPhone
		Release|iPhoneSimulator = Release|iPhoneSimulator
		Release|x64 = Release|x64
		Release|x86 = Release|x86
	EndGlobalSection
	GlobalSection(ProjectConfigurationPlatforms) = postSolution
		{818D32EE-A561-4629-ACEA-94871C20D4A8}.Ad-Hoc|Any CPU.ActiveCfg = Release|Any CPU
		{818D32EE-A561-4629-ACEA-94871C20D4A8}.Ad-Hoc|Any CPU.Build.0 = Release|Any CPU
		{818D32EE-A561-4629-ACEA-94871C20D4A8}.Ad-Hoc|ARM.ActiveCfg = Release|Any CPU
		{818D32EE-A561-4629-ACEA-94871C20D4A8}.Ad-Hoc|ARM.Build.0 = Release|Any CPU
		{818D32EE-A561-4629-ACEA-94871C20D4A8}.Ad-Hoc|iPhone.ActiveCfg = Release|Any CPU
		{818D32EE-A561-4629-ACEA-94871C20D4A8}.Ad-Hoc|iPhone.Build.0 = Release|Any CPU
		{818D32EE-A561-4629-ACEA-94871C20D4A8}.Ad-Hoc|iPhoneSimulator.ActiveCfg = Release|Any CPU
		{818D32EE-A561-4629-ACEA-94871C20D4A8}.Ad-Hoc|iPhoneSimulator.Build.0 = Release|Any CPU
		{818D32EE-A561-4629-ACEA-94871C20D4A8}.Ad-Hoc|x64.ActiveCfg = Release|Any CPU
		{818D32EE-A561-4629-ACEA-94871C20D4A8}.Ad-Hoc|x64.Build.0 = Release|Any CPU
		{818D32EE-A561-4629-ACEA-94871C20D4A8}.Ad-Hoc|x86.ActiveCfg = Release|Any CPU
		{818D32EE-A561-4629-ACEA-94871C20D4A8}.Ad-Hoc|x86.Build.0 = Release|Any CPU
		{818D32EE-A561-4629-ACEA-94871C20D4A8}.AppStore|Any CPU.ActiveCfg = Release|Any CPU
		{818D32EE-A561-4629-ACEA-94871C20D4A8}.AppStore|Any CPU.Build.0 = Release|Any CPU
		{818D32EE-A561-4629-ACEA-94871C20D4A8}.AppStore|ARM.ActiveCfg = Release|Any CPU
		{818D32EE-A561-4629-ACEA-94871C20D4A8}.AppStore|ARM.Build.0 = Release|Any CPU
		{818D32EE-A561-4629-ACEA-94871C20D4A8}.AppStore|iPhone.ActiveCfg = Release|Any CPU
		{818D32EE-A561-4629-ACEA-94871C20D4A8}.AppStore|iPhone.Build.0 = Release|Any CPU
		{818D32EE-A561-4629-ACEA-94871C20D4A8}.AppStore|iPhoneSimulator.ActiveCfg = Release|Any CPU
		{818D32EE-A561-4629-ACEA-94871C20D4A8}.AppStore|iPhoneSimulator.Build.0 = Release|Any CPU
		{818D32EE-A561-4629-ACEA-94871C20D4A8}.AppStore|x64.ActiveCfg = Release|Any CPU
		{818D32EE-A561-4629-ACEA-94871C20D4A8}.AppStore|x64.Build.0 = Release|Any CPU
		{818D32EE-A561-4629-ACEA-94871C20D4A8}.AppStore|x86.ActiveCfg = Release|Any CPU
		{818D32EE-A561-4629-ACEA-94871C20D4A8}.AppStore|x86.Build.0 = Release|Any CPU
		{818D32EE-A561-4629-ACEA-94871C20D4A8}.Debug|Any CPU.ActiveCfg = Debug|Any CPU
		{818D32EE-A561-4629-ACEA-94871C20D4A8}.Debug|Any CPU.Build.0 = Debug|Any CPU
		{818D32EE-A561-4629-ACEA-94871C20D4A8}.Debug|ARM.ActiveCfg = Debug|Any CPU
		{818D32EE-A561-4629-ACEA-94871C20D4A8}.Debug|ARM.Build.0 = Debug|Any CPU
		{818D32EE-A561-4629-ACEA-94871C20D4A8}.Debug|iPhone.ActiveCfg = Debug|Any CPU
		{818D32EE-A561-4629-ACEA-94871C20D4A8}.Debug|iPhone.Build.0 = Debug|Any CPU
		{818D32EE-A561-4629-ACEA-94871C20D4A8}.Debug|iPhoneSimulator.ActiveCfg = Debug|Any CPU
		{818D32EE-A561-4629-ACEA-94871C20D4A8}.Debug|iPhoneSimulator.Build.0 = Debug|Any CPU
		{818D32EE-A561-4629-ACEA-94871C20D4A8}.Debug|x64.ActiveCfg = Debug|Any CPU
		{818D32EE-A561-4629-ACEA-94871C20D4A8}.Debug|x64.Build.0 = Debug|Any CPU
		{818D32EE-A561-4629-ACEA-94871C20D4A8}.Debug|x86.ActiveCfg = Debug|Any CPU
		{818D32EE-A561-4629-ACEA-94871C20D4A8}.Debug|x86.Build.0 = Debug|Any CPU
		{818D32EE-A561-4629-ACEA-94871C20D4A8}.Release|Any CPU.ActiveCfg = Release|Any CPU
		{818D32EE-A561-4629-ACEA-94871C20D4A8}.Release|Any CPU.Build.0 = Release|Any CPU
		{818D32EE-A561-4629-ACEA-94871C20D4A8}.Release|ARM.ActiveCfg = Release|Any CPU
		{818D32EE-A561-4629-ACEA-94871C20D4A8}.Release|ARM.Build.0 = Release|Any CPU
		{818D32EE-A561-4629-ACEA-94871C20D4A8}.Release|iPhone.ActiveCfg = Release|Any CPU
		{818D32EE-A561-4629-ACEA-94871C20D4A8}.Release|iPhone.Build.0 = Release|Any CPU
		{818D32EE-A561-4629-ACEA-94871C20D4A8}.Release|iPhoneSimulator.ActiveCfg = Release|Any CPU
		{818D32EE-A561-4629-ACEA-94871C20D4A8}.Release|iPhoneSimulator.Build.0 = Release|Any CPU
		{818D32EE-A561-4629-ACEA-94871C20D4A8}.Release|x64.ActiveCfg = Release|Any CPU
		{818D32EE-A561-4629-ACEA-94871C20D4A8}.Release|x64.Build.0 = Release|Any CPU
		{818D32EE-A561-4629-ACEA-94871C20D4A8}.Release|x86.ActiveCfg = Release|Any CPU
		{818D32EE-A561-4629-ACEA-94871C20D4A8}.Release|x86.Build.0 = Release|Any CPU
		{B8C80930-F686-4FB5-8506-BD4EF845FD3D}.Ad-Hoc|Any CPU.ActiveCfg = Release|Any CPU
		{B8C80930-F686-4FB5-8506-BD4EF845FD3D}.Ad-Hoc|Any CPU.Build.0 = Release|Any CPU
		{B8C80930-F686-4FB5-8506-BD4EF845FD3D}.Ad-Hoc|ARM.ActiveCfg = Release|Any CPU
		{B8C80930-F686-4FB5-8506-BD4EF845FD3D}.Ad-Hoc|ARM.Build.0 = Release|Any CPU
		{B8C80930-F686-4FB5-8506-BD4EF845FD3D}.Ad-Hoc|iPhone.ActiveCfg = Release|Any CPU
		{B8C80930-F686-4FB5-8506-BD4EF845FD3D}.Ad-Hoc|iPhone.Build.0 = Release|Any CPU
		{B8C80930-F686-4FB5-8506-BD4EF845FD3D}.Ad-Hoc|iPhoneSimulator.ActiveCfg = Release|Any CPU
		{B8C80930-F686-4FB5-8506-BD4EF845FD3D}.Ad-Hoc|iPhoneSimulator.Build.0 = Release|Any CPU
		{B8C80930-F686-4FB5-8506-BD4EF845FD3D}.Ad-Hoc|x64.ActiveCfg = Release|Any CPU
		{B8C80930-F686-4FB5-8506-BD4EF845FD3D}.Ad-Hoc|x64.Build.0 = Release|Any CPU
		{B8C80930-F686-4FB5-8506-BD4EF845FD3D}.Ad-Hoc|x86.ActiveCfg = Release|Any CPU
		{B8C80930-F686-4FB5-8506-BD4EF845FD3D}.Ad-Hoc|x86.Build.0 = Release|Any CPU
		{B8C80930-F686-4FB5-8506-BD4EF845FD3D}.AppStore|Any CPU.ActiveCfg = Release|Any CPU
		{B8C80930-F686-4FB5-8506-BD4EF845FD3D}.AppStore|Any CPU.Build.0 = Release|Any CPU
		{B8C80930-F686-4FB5-8506-BD4EF845FD3D}.AppStore|ARM.ActiveCfg = Release|Any CPU
		{B8C80930-F686-4FB5-8506-BD4EF845FD3D}.AppStore|ARM.Build.0 = Release|Any CPU
		{B8C80930-F686-4FB5-8506-BD4EF845FD3D}.AppStore|iPhone.ActiveCfg = Release|Any CPU
		{B8C80930-F686-4FB5-8506-BD4EF845FD3D}.AppStore|iPhone.Build.0 = Release|Any CPU
		{B8C80930-F686-4FB5-8506-BD4EF845FD3D}.AppStore|iPhoneSimulator.ActiveCfg = Release|Any CPU
		{B8C80930-F686-4FB5-8506-BD4EF845FD3D}.AppStore|iPhoneSimulator.Build.0 = Release|Any CPU
		{B8C80930-F686-4FB5-8506-BD4EF845FD3D}.AppStore|x64.ActiveCfg = Release|Any CPU
		{B8C80930-F686-4FB5-8506-BD4EF845FD3D}.AppStore|x64.Build.0 = Release|Any CPU
		{B8C80930-F686-4FB5-8506-BD4EF845FD3D}.AppStore|x86.ActiveCfg = Release|Any CPU
		{B8C80930-F686-4FB5-8506-BD4EF845FD3D}.AppStore|x86.Build.0 = Release|Any CPU
		{B8C80930-F686-4FB5-8506-BD4EF845FD3D}.Debug|Any CPU.ActiveCfg = Debug|Any CPU
		{B8C80930-F686-4FB5-8506-BD4EF845FD3D}.Debug|Any CPU.Build.0 = Debug|Any CPU
		{B8C80930-F686-4FB5-8506-BD4EF845FD3D}.Debug|ARM.ActiveCfg = Debug|Any CPU
		{B8C80930-F686-4FB5-8506-BD4EF845FD3D}.Debug|ARM.Build.0 = Debug|Any CPU
		{B8C80930-F686-4FB5-8506-BD4EF845FD3D}.Debug|iPhone.ActiveCfg = Debug|Any CPU
		{B8C80930-F686-4FB5-8506-BD4EF845FD3D}.Debug|iPhone.Build.0 = Debug|Any CPU
		{B8C80930-F686-4FB5-8506-BD4EF845FD3D}.Debug|iPhoneSimulator.ActiveCfg = Debug|Any CPU
		{B8C80930-F686-4FB5-8506-BD4EF845FD3D}.Debug|iPhoneSimulator.Build.0 = Debug|Any CPU
		{B8C80930-F686-4FB5-8506-BD4EF845FD3D}.Debug|x64.ActiveCfg = Debug|Any CPU
		{B8C80930-F686-4FB5-8506-BD4EF845FD3D}.Debug|x64.Build.0 = Debug|Any CPU
		{B8C80930-F686-4FB5-8506-BD4EF845FD3D}.Debug|x86.ActiveCfg = Debug|Any CPU
		{B8C80930-F686-4FB5-8506-BD4EF845FD3D}.Debug|x86.Build.0 = Debug|Any CPU
		{B8C80930-F686-4FB5-8506-BD4EF845FD3D}.Release|Any CPU.ActiveCfg = Release|Any CPU
		{B8C80930-F686-4FB5-8506-BD4EF845FD3D}.Release|Any CPU.Build.0 = Release|Any CPU
		{B8C80930-F686-4FB5-8506-BD4EF845FD3D}.Release|ARM.ActiveCfg = Release|Any CPU
		{B8C80930-F686-4FB5-8506-BD4EF845FD3D}.Release|ARM.Build.0 = Release|Any CPU
		{B8C80930-F686-4FB5-8506-BD4EF845FD3D}.Release|iPhone.ActiveCfg = Release|Any CPU
		{B8C80930-F686-4FB5-8506-BD4EF845FD3D}.Release|iPhone.Build.0 = Release|Any CPU
		{B8C80930-F686-4FB5-8506-BD4EF845FD3D}.Release|iPhoneSimulator.ActiveCfg = Release|Any CPU
		{B8C80930-F686-4FB5-8506-BD4EF845FD3D}.Release|iPhoneSimulator.Build.0 = Release|Any CPU
		{B8C80930-F686-4FB5-8506-BD4EF845FD3D}.Release|x64.ActiveCfg = Release|Any CPU
		{B8C80930-F686-4FB5-8506-BD4EF845FD3D}.Release|x64.Build.0 = Release|Any CPU
		{B8C80930-F686-4FB5-8506-BD4EF845FD3D}.Release|x86.ActiveCfg = Release|Any CPU
		{B8C80930-F686-4FB5-8506-BD4EF845FD3D}.Release|x86.Build.0 = Release|Any CPU
		{E539C217-D04B-49A7-B4DB-80B277FB2210}.Ad-Hoc|Any CPU.ActiveCfg = Release|Any CPU
		{E539C217-D04B-49A7-B4DB-80B277FB2210}.Ad-Hoc|Any CPU.Build.0 = Release|Any CPU
		{E539C217-D04B-49A7-B4DB-80B277FB2210}.Ad-Hoc|ARM.ActiveCfg = Release|Any CPU
		{E539C217-D04B-49A7-B4DB-80B277FB2210}.Ad-Hoc|ARM.Build.0 = Release|Any CPU
		{E539C217-D04B-49A7-B4DB-80B277FB2210}.Ad-Hoc|iPhone.ActiveCfg = Release|Any CPU
		{E539C217-D04B-49A7-B4DB-80B277FB2210}.Ad-Hoc|iPhone.Build.0 = Release|Any CPU
		{E539C217-D04B-49A7-B4DB-80B277FB2210}.Ad-Hoc|iPhoneSimulator.ActiveCfg = Release|Any CPU
		{E539C217-D04B-49A7-B4DB-80B277FB2210}.Ad-Hoc|iPhoneSimulator.Build.0 = Release|Any CPU
		{E539C217-D04B-49A7-B4DB-80B277FB2210}.Ad-Hoc|x64.ActiveCfg = Release|Any CPU
		{E539C217-D04B-49A7-B4DB-80B277FB2210}.Ad-Hoc|x64.Build.0 = Release|Any CPU
		{E539C217-D04B-49A7-B4DB-80B277FB2210}.Ad-Hoc|x86.ActiveCfg = Release|Any CPU
		{E539C217-D04B-49A7-B4DB-80B277FB2210}.Ad-Hoc|x86.Build.0 = Release|Any CPU
		{E539C217-D04B-49A7-B4DB-80B277FB2210}.AppStore|Any CPU.ActiveCfg = Release|Any CPU
		{E539C217-D04B-49A7-B4DB-80B277FB2210}.AppStore|Any CPU.Build.0 = Release|Any CPU
		{E539C217-D04B-49A7-B4DB-80B277FB2210}.AppStore|ARM.ActiveCfg = Release|Any CPU
		{E539C217-D04B-49A7-B4DB-80B277FB2210}.AppStore|ARM.Build.0 = Release|Any CPU
		{E539C217-D04B-49A7-B4DB-80B277FB2210}.AppStore|iPhone.ActiveCfg = Release|Any CPU
		{E539C217-D04B-49A7-B4DB-80B277FB2210}.AppStore|iPhone.Build.0 = Release|Any CPU
		{E539C217-D04B-49A7-B4DB-80B277FB2210}.AppStore|iPhoneSimulator.ActiveCfg = Release|Any CPU
		{E539C217-D04B-49A7-B4DB-80B277FB2210}.AppStore|iPhoneSimulator.Build.0 = Release|Any CPU
		{E539C217-D04B-49A7-B4DB-80B277FB2210}.AppStore|x64.ActiveCfg = Release|Any CPU
		{E539C217-D04B-49A7-B4DB-80B277FB2210}.AppStore|x64.Build.0 = Release|Any CPU
		{E539C217-D04B-49A7-B4DB-80B277FB2210}.AppStore|x86.ActiveCfg = Release|Any CPU
		{E539C217-D04B-49A7-B4DB-80B277FB2210}.AppStore|x86.Build.0 = Release|Any CPU
		{E539C217-D04B-49A7-B4DB-80B277FB2210}.Debug|Any CPU.ActiveCfg = Debug|Any CPU
		{E539C217-D04B-49A7-B4DB-80B277FB2210}.Debug|Any CPU.Build.0 = Debug|Any CPU
		{E539C217-D04B-49A7-B4DB-80B277FB2210}.Debug|ARM.ActiveCfg = Debug|Any CPU
		{E539C217-D04B-49A7-B4DB-80B277FB2210}.Debug|ARM.Build.0 = Debug|Any CPU
		{E539C217-D04B-49A7-B4DB-80B277FB2210}.Debug|iPhone.ActiveCfg = Debug|Any CPU
		{E539C217-D04B-49A7-B4DB-80B277FB2210}.Debug|iPhone.Build.0 = Debug|Any CPU
		{E539C217-D04B-49A7-B4DB-80B277FB2210}.Debug|iPhoneSimulator.ActiveCfg = Debug|Any CPU
		{E539C217-D04B-49A7-B4DB-80B277FB2210}.Debug|iPhoneSimulator.Build.0 = Debug|Any CPU
		{E539C217-D04B-49A7-B4DB-80B277FB2210}.Debug|x64.ActiveCfg = Debug|Any CPU
		{E539C217-D04B-49A7-B4DB-80B277FB2210}.Debug|x64.Build.0 = Debug|Any CPU
		{E539C217-D04B-49A7-B4DB-80B277FB2210}.Debug|x86.ActiveCfg = Debug|Any CPU
		{E539C217-D04B-49A7-B4DB-80B277FB2210}.Debug|x86.Build.0 = Debug|Any CPU
		{E539C217-D04B-49A7-B4DB-80B277FB2210}.Release|Any CPU.ActiveCfg = Release|Any CPU
		{E539C217-D04B-49A7-B4DB-80B277FB2210}.Release|Any CPU.Build.0 = Release|Any CPU
		{E539C217-D04B-49A7-B4DB-80B277FB2210}.Release|ARM.ActiveCfg = Release|Any CPU
		{E539C217-D04B-49A7-B4DB-80B277FB2210}.Release|ARM.Build.0 = Release|Any CPU
		{E539C217-D04B-49A7-B4DB-80B277FB2210}.Release|iPhone.ActiveCfg = Release|Any CPU
		{E539C217-D04B-49A7-B4DB-80B277FB2210}.Release|iPhone.Build.0 = Release|Any CPU
		{E539C217-D04B-49A7-B4DB-80B277FB2210}.Release|iPhoneSimulator.ActiveCfg = Release|Any CPU
		{E539C217-D04B-49A7-B4DB-80B277FB2210}.Release|iPhoneSimulator.Build.0 = Release|Any CPU
		{E539C217-D04B-49A7-B4DB-80B277FB2210}.Release|x64.ActiveCfg = Release|Any CPU
		{E539C217-D04B-49A7-B4DB-80B277FB2210}.Release|x64.Build.0 = Release|Any CPU
		{E539C217-D04B-49A7-B4DB-80B277FB2210}.Release|x86.ActiveCfg = Release|Any CPU
		{E539C217-D04B-49A7-B4DB-80B277FB2210}.Release|x86.Build.0 = Release|Any CPU
		{8803A551-21D1-43AC-866C-39DDA703C237}.Ad-Hoc|Any CPU.ActiveCfg = Release|Any CPU
		{8803A551-21D1-43AC-866C-39DDA703C237}.Ad-Hoc|Any CPU.Build.0 = Release|Any CPU
		{8803A551-21D1-43AC-866C-39DDA703C237}.Ad-Hoc|ARM.ActiveCfg = Release|ARM
		{8803A551-21D1-43AC-866C-39DDA703C237}.Ad-Hoc|ARM.Build.0 = Release|ARM
		{8803A551-21D1-43AC-866C-39DDA703C237}.Ad-Hoc|iPhone.ActiveCfg = Release|Any CPU
		{8803A551-21D1-43AC-866C-39DDA703C237}.Ad-Hoc|iPhone.Build.0 = Release|Any CPU
		{8803A551-21D1-43AC-866C-39DDA703C237}.Ad-Hoc|iPhoneSimulator.ActiveCfg = Release|Any CPU
		{8803A551-21D1-43AC-866C-39DDA703C237}.Ad-Hoc|iPhoneSimulator.Build.0 = Release|Any CPU
		{8803A551-21D1-43AC-866C-39DDA703C237}.Ad-Hoc|x64.ActiveCfg = Release|x64
		{8803A551-21D1-43AC-866C-39DDA703C237}.Ad-Hoc|x64.Build.0 = Release|x64
		{8803A551-21D1-43AC-866C-39DDA703C237}.Ad-Hoc|x86.ActiveCfg = Release|x86
		{8803A551-21D1-43AC-866C-39DDA703C237}.Ad-Hoc|x86.Build.0 = Release|x86
		{8803A551-21D1-43AC-866C-39DDA703C237}.AppStore|Any CPU.ActiveCfg = Release|Any CPU
		{8803A551-21D1-43AC-866C-39DDA703C237}.AppStore|Any CPU.Build.0 = Release|Any CPU
		{8803A551-21D1-43AC-866C-39DDA703C237}.AppStore|ARM.ActiveCfg = Release|ARM
		{8803A551-21D1-43AC-866C-39DDA703C237}.AppStore|ARM.Build.0 = Release|ARM
		{8803A551-21D1-43AC-866C-39DDA703C237}.AppStore|iPhone.ActiveCfg = Release|Any CPU
		{8803A551-21D1-43AC-866C-39DDA703C237}.AppStore|iPhone.Build.0 = Release|Any CPU
		{8803A551-21D1-43AC-866C-39DDA703C237}.AppStore|iPhoneSimulator.ActiveCfg = Release|Any CPU
		{8803A551-21D1-43AC-866C-39DDA703C237}.AppStore|iPhoneSimulator.Build.0 = Release|Any CPU
		{8803A551-21D1-43AC-866C-39DDA703C237}.AppStore|x64.ActiveCfg = Release|x64
		{8803A551-21D1-43AC-866C-39DDA703C237}.AppStore|x64.Build.0 = Release|x64
		{8803A551-21D1-43AC-866C-39DDA703C237}.AppStore|x86.ActiveCfg = Release|x86
		{8803A551-21D1-43AC-866C-39DDA703C237}.AppStore|x86.Build.0 = Release|x86
		{8803A551-21D1-43AC-866C-39DDA703C237}.Debug|Any CPU.ActiveCfg = Debug|Any CPU
		{8803A551-21D1-43AC-866C-39DDA703C237}.Debug|Any CPU.Build.0 = Debug|Any CPU
		{8803A551-21D1-43AC-866C-39DDA703C237}.Debug|ARM.ActiveCfg = Debug|ARM
		{8803A551-21D1-43AC-866C-39DDA703C237}.Debug|ARM.Build.0 = Debug|ARM
		{8803A551-21D1-43AC-866C-39DDA703C237}.Debug|iPhone.ActiveCfg = Debug|Any CPU
		{8803A551-21D1-43AC-866C-39DDA703C237}.Debug|iPhone.Build.0 = Debug|Any CPU
		{8803A551-21D1-43AC-866C-39DDA703C237}.Debug|iPhoneSimulator.ActiveCfg = Debug|Any CPU
		{8803A551-21D1-43AC-866C-39DDA703C237}.Debug|iPhoneSimulator.Build.0 = Debug|Any CPU
		{8803A551-21D1-43AC-866C-39DDA703C237}.Debug|x64.ActiveCfg = Debug|x64
		{8803A551-21D1-43AC-866C-39DDA703C237}.Debug|x64.Build.0 = Debug|x64
		{8803A551-21D1-43AC-866C-39DDA703C237}.Debug|x86.ActiveCfg = Debug|x86
		{8803A551-21D1-43AC-866C-39DDA703C237}.Debug|x86.Build.0 = Debug|x86
		{8803A551-21D1-43AC-866C-39DDA703C237}.Release|Any CPU.ActiveCfg = Release|Any CPU
		{8803A551-21D1-43AC-866C-39DDA703C237}.Release|Any CPU.Build.0 = Release|Any CPU
		{8803A551-21D1-43AC-866C-39DDA703C237}.Release|ARM.ActiveCfg = Release|ARM
		{8803A551-21D1-43AC-866C-39DDA703C237}.Release|ARM.Build.0 = Release|ARM
		{8803A551-21D1-43AC-866C-39DDA703C237}.Release|iPhone.ActiveCfg = Release|Any CPU
		{8803A551-21D1-43AC-866C-39DDA703C237}.Release|iPhone.Build.0 = Release|Any CPU
		{8803A551-21D1-43AC-866C-39DDA703C237}.Release|iPhoneSimulator.ActiveCfg = Release|Any CPU
		{8803A551-21D1-43AC-866C-39DDA703C237}.Release|iPhoneSimulator.Build.0 = Release|Any CPU
		{8803A551-21D1-43AC-866C-39DDA703C237}.Release|x64.ActiveCfg = Release|x64
		{8803A551-21D1-43AC-866C-39DDA703C237}.Release|x64.Build.0 = Release|x64
		{8803A551-21D1-43AC-866C-39DDA703C237}.Release|x86.ActiveCfg = Release|x86
		{8803A551-21D1-43AC-866C-39DDA703C237}.Release|x86.Build.0 = Release|x86
		{CB59A887-9999-4656-BDF0-CD47F3E1B1AA}.Ad-Hoc|Any CPU.ActiveCfg = Release|Any CPU
		{CB59A887-9999-4656-BDF0-CD47F3E1B1AA}.Ad-Hoc|Any CPU.Build.0 = Release|Any CPU
		{CB59A887-9999-4656-BDF0-CD47F3E1B1AA}.Ad-Hoc|Any CPU.Deploy.0 = Release|Any CPU
		{CB59A887-9999-4656-BDF0-CD47F3E1B1AA}.Ad-Hoc|ARM.ActiveCfg = Release|Any CPU
		{CB59A887-9999-4656-BDF0-CD47F3E1B1AA}.Ad-Hoc|ARM.Build.0 = Release|Any CPU
		{CB59A887-9999-4656-BDF0-CD47F3E1B1AA}.Ad-Hoc|ARM.Deploy.0 = Release|Any CPU
		{CB59A887-9999-4656-BDF0-CD47F3E1B1AA}.Ad-Hoc|iPhone.ActiveCfg = Release|Any CPU
		{CB59A887-9999-4656-BDF0-CD47F3E1B1AA}.Ad-Hoc|iPhone.Build.0 = Release|Any CPU
		{CB59A887-9999-4656-BDF0-CD47F3E1B1AA}.Ad-Hoc|iPhone.Deploy.0 = Release|Any CPU
		{CB59A887-9999-4656-BDF0-CD47F3E1B1AA}.Ad-Hoc|iPhoneSimulator.ActiveCfg = Release|Any CPU
		{CB59A887-9999-4656-BDF0-CD47F3E1B1AA}.Ad-Hoc|iPhoneSimulator.Build.0 = Release|Any CPU
		{CB59A887-9999-4656-BDF0-CD47F3E1B1AA}.Ad-Hoc|iPhoneSimulator.Deploy.0 = Release|Any CPU
		{CB59A887-9999-4656-BDF0-CD47F3E1B1AA}.Ad-Hoc|x64.ActiveCfg = Release|Any CPU
		{CB59A887-9999-4656-BDF0-CD47F3E1B1AA}.Ad-Hoc|x64.Build.0 = Release|Any CPU
		{CB59A887-9999-4656-BDF0-CD47F3E1B1AA}.Ad-Hoc|x64.Deploy.0 = Release|Any CPU
		{CB59A887-9999-4656-BDF0-CD47F3E1B1AA}.Ad-Hoc|x86.ActiveCfg = Release|Any CPU
		{CB59A887-9999-4656-BDF0-CD47F3E1B1AA}.Ad-Hoc|x86.Build.0 = Release|Any CPU
		{CB59A887-9999-4656-BDF0-CD47F3E1B1AA}.Ad-Hoc|x86.Deploy.0 = Release|Any CPU
		{CB59A887-9999-4656-BDF0-CD47F3E1B1AA}.AppStore|Any CPU.ActiveCfg = Release|Any CPU
		{CB59A887-9999-4656-BDF0-CD47F3E1B1AA}.AppStore|Any CPU.Build.0 = Release|Any CPU
		{CB59A887-9999-4656-BDF0-CD47F3E1B1AA}.AppStore|Any CPU.Deploy.0 = Release|Any CPU
		{CB59A887-9999-4656-BDF0-CD47F3E1B1AA}.AppStore|ARM.ActiveCfg = Release|Any CPU
		{CB59A887-9999-4656-BDF0-CD47F3E1B1AA}.AppStore|ARM.Build.0 = Release|Any CPU
		{CB59A887-9999-4656-BDF0-CD47F3E1B1AA}.AppStore|ARM.Deploy.0 = Release|Any CPU
		{CB59A887-9999-4656-BDF0-CD47F3E1B1AA}.AppStore|iPhone.ActiveCfg = Release|Any CPU
		{CB59A887-9999-4656-BDF0-CD47F3E1B1AA}.AppStore|iPhone.Build.0 = Release|Any CPU
		{CB59A887-9999-4656-BDF0-CD47F3E1B1AA}.AppStore|iPhone.Deploy.0 = Release|Any CPU
		{CB59A887-9999-4656-BDF0-CD47F3E1B1AA}.AppStore|iPhoneSimulator.ActiveCfg = Release|Any CPU
		{CB59A887-9999-4656-BDF0-CD47F3E1B1AA}.AppStore|iPhoneSimulator.Build.0 = Release|Any CPU
		{CB59A887-9999-4656-BDF0-CD47F3E1B1AA}.AppStore|iPhoneSimulator.Deploy.0 = Release|Any CPU
		{CB59A887-9999-4656-BDF0-CD47F3E1B1AA}.AppStore|x64.ActiveCfg = Release|Any CPU
		{CB59A887-9999-4656-BDF0-CD47F3E1B1AA}.AppStore|x64.Build.0 = Release|Any CPU
		{CB59A887-9999-4656-BDF0-CD47F3E1B1AA}.AppStore|x64.Deploy.0 = Release|Any CPU
		{CB59A887-9999-4656-BDF0-CD47F3E1B1AA}.AppStore|x86.ActiveCfg = Release|Any CPU
		{CB59A887-9999-4656-BDF0-CD47F3E1B1AA}.AppStore|x86.Build.0 = Release|Any CPU
		{CB59A887-9999-4656-BDF0-CD47F3E1B1AA}.AppStore|x86.Deploy.0 = Release|Any CPU
		{CB59A887-9999-4656-BDF0-CD47F3E1B1AA}.Debug|Any CPU.ActiveCfg = Debug|x86
		{CB59A887-9999-4656-BDF0-CD47F3E1B1AA}.Debug|Any CPU.Build.0 = Debug|x86
		{CB59A887-9999-4656-BDF0-CD47F3E1B1AA}.Debug|Any CPU.Deploy.0 = Debug|x86
		{CB59A887-9999-4656-BDF0-CD47F3E1B1AA}.Debug|ARM.ActiveCfg = Debug|Any CPU
		{CB59A887-9999-4656-BDF0-CD47F3E1B1AA}.Debug|ARM.Build.0 = Debug|Any CPU
		{CB59A887-9999-4656-BDF0-CD47F3E1B1AA}.Debug|ARM.Deploy.0 = Debug|Any CPU
		{CB59A887-9999-4656-BDF0-CD47F3E1B1AA}.Debug|iPhone.ActiveCfg = Debug|Any CPU
		{CB59A887-9999-4656-BDF0-CD47F3E1B1AA}.Debug|iPhone.Build.0 = Debug|Any CPU
		{CB59A887-9999-4656-BDF0-CD47F3E1B1AA}.Debug|iPhone.Deploy.0 = Debug|Any CPU
		{CB59A887-9999-4656-BDF0-CD47F3E1B1AA}.Debug|iPhoneSimulator.ActiveCfg = Debug|Any CPU
		{CB59A887-9999-4656-BDF0-CD47F3E1B1AA}.Debug|iPhoneSimulator.Build.0 = Debug|Any CPU
		{CB59A887-9999-4656-BDF0-CD47F3E1B1AA}.Debug|iPhoneSimulator.Deploy.0 = Debug|Any CPU
		{CB59A887-9999-4656-BDF0-CD47F3E1B1AA}.Debug|x64.ActiveCfg = Debug|Any CPU
		{CB59A887-9999-4656-BDF0-CD47F3E1B1AA}.Debug|x64.Build.0 = Debug|Any CPU
		{CB59A887-9999-4656-BDF0-CD47F3E1B1AA}.Debug|x64.Deploy.0 = Debug|Any CPU
		{CB59A887-9999-4656-BDF0-CD47F3E1B1AA}.Debug|x86.ActiveCfg = Debug|Any CPU
		{CB59A887-9999-4656-BDF0-CD47F3E1B1AA}.Debug|x86.Build.0 = Debug|Any CPU
		{CB59A887-9999-4656-BDF0-CD47F3E1B1AA}.Debug|x86.Deploy.0 = Debug|Any CPU
		{CB59A887-9999-4656-BDF0-CD47F3E1B1AA}.Release|Any CPU.ActiveCfg = Release|Any CPU
		{CB59A887-9999-4656-BDF0-CD47F3E1B1AA}.Release|Any CPU.Build.0 = Release|Any CPU
		{CB59A887-9999-4656-BDF0-CD47F3E1B1AA}.Release|Any CPU.Deploy.0 = Release|Any CPU
		{CB59A887-9999-4656-BDF0-CD47F3E1B1AA}.Release|ARM.ActiveCfg = Release|Any CPU
		{CB59A887-9999-4656-BDF0-CD47F3E1B1AA}.Release|ARM.Build.0 = Release|Any CPU
		{CB59A887-9999-4656-BDF0-CD47F3E1B1AA}.Release|ARM.Deploy.0 = Release|Any CPU
		{CB59A887-9999-4656-BDF0-CD47F3E1B1AA}.Release|iPhone.ActiveCfg = Release|Any CPU
		{CB59A887-9999-4656-BDF0-CD47F3E1B1AA}.Release|iPhone.Build.0 = Release|Any CPU
		{CB59A887-9999-4656-BDF0-CD47F3E1B1AA}.Release|iPhone.Deploy.0 = Release|Any CPU
		{CB59A887-9999-4656-BDF0-CD47F3E1B1AA}.Release|iPhoneSimulator.ActiveCfg = Release|Any CPU
		{CB59A887-9999-4656-BDF0-CD47F3E1B1AA}.Release|iPhoneSimulator.Build.0 = Release|Any CPU
		{CB59A887-9999-4656-BDF0-CD47F3E1B1AA}.Release|iPhoneSimulator.Deploy.0 = Release|Any CPU
		{CB59A887-9999-4656-BDF0-CD47F3E1B1AA}.Release|x64.ActiveCfg = Release|Any CPU
		{CB59A887-9999-4656-BDF0-CD47F3E1B1AA}.Release|x64.Build.0 = Release|Any CPU
		{CB59A887-9999-4656-BDF0-CD47F3E1B1AA}.Release|x64.Deploy.0 = Release|Any CPU
		{CB59A887-9999-4656-BDF0-CD47F3E1B1AA}.Release|x86.ActiveCfg = Release|Any CPU
		{CB59A887-9999-4656-BDF0-CD47F3E1B1AA}.Release|x86.Build.0 = Release|Any CPU
		{CB59A887-9999-4656-BDF0-CD47F3E1B1AA}.Release|x86.Deploy.0 = Release|Any CPU
		{59BC64BF-1DBD-4503-8D43-B6CE2E793D28}.Ad-Hoc|Any CPU.ActiveCfg = Ad-Hoc|iPhone
		{59BC64BF-1DBD-4503-8D43-B6CE2E793D28}.Ad-Hoc|ARM.ActiveCfg = Ad-Hoc|iPhone
		{59BC64BF-1DBD-4503-8D43-B6CE2E793D28}.Ad-Hoc|iPhone.ActiveCfg = Ad-Hoc|iPhone
		{59BC64BF-1DBD-4503-8D43-B6CE2E793D28}.Ad-Hoc|iPhone.Build.0 = Ad-Hoc|iPhone
		{59BC64BF-1DBD-4503-8D43-B6CE2E793D28}.Ad-Hoc|iPhoneSimulator.ActiveCfg = Ad-Hoc|iPhoneSimulator
		{59BC64BF-1DBD-4503-8D43-B6CE2E793D28}.Ad-Hoc|iPhoneSimulator.Build.0 = Ad-Hoc|iPhoneSimulator
		{59BC64BF-1DBD-4503-8D43-B6CE2E793D28}.Ad-Hoc|x64.ActiveCfg = Ad-Hoc|iPhone
		{59BC64BF-1DBD-4503-8D43-B6CE2E793D28}.Ad-Hoc|x86.ActiveCfg = Ad-Hoc|iPhone
		{59BC64BF-1DBD-4503-8D43-B6CE2E793D28}.AppStore|Any CPU.ActiveCfg = AppStore|iPhone
		{59BC64BF-1DBD-4503-8D43-B6CE2E793D28}.AppStore|ARM.ActiveCfg = AppStore|iPhone
		{59BC64BF-1DBD-4503-8D43-B6CE2E793D28}.AppStore|iPhone.ActiveCfg = AppStore|iPhone
		{59BC64BF-1DBD-4503-8D43-B6CE2E793D28}.AppStore|iPhone.Build.0 = AppStore|iPhone
		{59BC64BF-1DBD-4503-8D43-B6CE2E793D28}.AppStore|iPhoneSimulator.ActiveCfg = AppStore|iPhoneSimulator
		{59BC64BF-1DBD-4503-8D43-B6CE2E793D28}.AppStore|iPhoneSimulator.Build.0 = AppStore|iPhoneSimulator
		{59BC64BF-1DBD-4503-8D43-B6CE2E793D28}.AppStore|x64.ActiveCfg = AppStore|iPhone
		{59BC64BF-1DBD-4503-8D43-B6CE2E793D28}.AppStore|x86.ActiveCfg = AppStore|iPhone
		{59BC64BF-1DBD-4503-8D43-B6CE2E793D28}.Debug|Any CPU.ActiveCfg = Debug|iPhone
		{59BC64BF-1DBD-4503-8D43-B6CE2E793D28}.Debug|ARM.ActiveCfg = Debug|iPhone
		{59BC64BF-1DBD-4503-8D43-B6CE2E793D28}.Debug|iPhone.ActiveCfg = Debug|iPhone
		{59BC64BF-1DBD-4503-8D43-B6CE2E793D28}.Debug|iPhone.Build.0 = Debug|iPhone
		{59BC64BF-1DBD-4503-8D43-B6CE2E793D28}.Debug|iPhoneSimulator.ActiveCfg = Debug|iPhoneSimulator
		{59BC64BF-1DBD-4503-8D43-B6CE2E793D28}.Debug|iPhoneSimulator.Build.0 = Debug|iPhoneSimulator
		{59BC64BF-1DBD-4503-8D43-B6CE2E793D28}.Debug|x64.ActiveCfg = Debug|iPhone
		{59BC64BF-1DBD-4503-8D43-B6CE2E793D28}.Debug|x86.ActiveCfg = Debug|iPhone
		{59BC64BF-1DBD-4503-8D43-B6CE2E793D28}.Release|Any CPU.ActiveCfg = Release|iPhone
		{59BC64BF-1DBD-4503-8D43-B6CE2E793D28}.Release|ARM.ActiveCfg = Release|iPhone
		{59BC64BF-1DBD-4503-8D43-B6CE2E793D28}.Release|iPhone.ActiveCfg = Release|iPhone
		{59BC64BF-1DBD-4503-8D43-B6CE2E793D28}.Release|iPhone.Build.0 = Release|iPhone
		{59BC64BF-1DBD-4503-8D43-B6CE2E793D28}.Release|iPhoneSimulator.ActiveCfg = Release|iPhoneSimulator
		{59BC64BF-1DBD-4503-8D43-B6CE2E793D28}.Release|iPhoneSimulator.Build.0 = Release|iPhoneSimulator
		{59BC64BF-1DBD-4503-8D43-B6CE2E793D28}.Release|x64.ActiveCfg = Release|iPhone
		{59BC64BF-1DBD-4503-8D43-B6CE2E793D28}.Release|x86.ActiveCfg = Release|iPhone
		{6893208B-5D12-437D-9CA6-BD3874534750}.Ad-Hoc|Any CPU.ActiveCfg = Release|x86
		{6893208B-5D12-437D-9CA6-BD3874534750}.Ad-Hoc|Any CPU.Build.0 = Release|x86
		{6893208B-5D12-437D-9CA6-BD3874534750}.Ad-Hoc|Any CPU.Deploy.0 = Release|x86
		{6893208B-5D12-437D-9CA6-BD3874534750}.Ad-Hoc|ARM.ActiveCfg = Release|ARM
		{6893208B-5D12-437D-9CA6-BD3874534750}.Ad-Hoc|ARM.Build.0 = Release|ARM
		{6893208B-5D12-437D-9CA6-BD3874534750}.Ad-Hoc|ARM.Deploy.0 = Release|ARM
		{6893208B-5D12-437D-9CA6-BD3874534750}.Ad-Hoc|iPhone.ActiveCfg = Release|x86
		{6893208B-5D12-437D-9CA6-BD3874534750}.Ad-Hoc|iPhone.Build.0 = Release|x86
		{6893208B-5D12-437D-9CA6-BD3874534750}.Ad-Hoc|iPhone.Deploy.0 = Release|x86
		{6893208B-5D12-437D-9CA6-BD3874534750}.Ad-Hoc|iPhoneSimulator.ActiveCfg = Release|x86
		{6893208B-5D12-437D-9CA6-BD3874534750}.Ad-Hoc|iPhoneSimulator.Build.0 = Release|x86
		{6893208B-5D12-437D-9CA6-BD3874534750}.Ad-Hoc|iPhoneSimulator.Deploy.0 = Release|x86
		{6893208B-5D12-437D-9CA6-BD3874534750}.Ad-Hoc|x64.ActiveCfg = Release|x64
		{6893208B-5D12-437D-9CA6-BD3874534750}.Ad-Hoc|x64.Build.0 = Release|x64
		{6893208B-5D12-437D-9CA6-BD3874534750}.Ad-Hoc|x64.Deploy.0 = Release|x64
		{6893208B-5D12-437D-9CA6-BD3874534750}.Ad-Hoc|x86.ActiveCfg = Release|x86
		{6893208B-5D12-437D-9CA6-BD3874534750}.Ad-Hoc|x86.Build.0 = Release|x86
		{6893208B-5D12-437D-9CA6-BD3874534750}.Ad-Hoc|x86.Deploy.0 = Release|x86
		{6893208B-5D12-437D-9CA6-BD3874534750}.AppStore|Any CPU.ActiveCfg = Release|x86
		{6893208B-5D12-437D-9CA6-BD3874534750}.AppStore|Any CPU.Build.0 = Release|x86
		{6893208B-5D12-437D-9CA6-BD3874534750}.AppStore|Any CPU.Deploy.0 = Release|x86
		{6893208B-5D12-437D-9CA6-BD3874534750}.AppStore|ARM.ActiveCfg = Release|ARM
		{6893208B-5D12-437D-9CA6-BD3874534750}.AppStore|ARM.Build.0 = Release|ARM
		{6893208B-5D12-437D-9CA6-BD3874534750}.AppStore|ARM.Deploy.0 = Release|ARM
		{6893208B-5D12-437D-9CA6-BD3874534750}.AppStore|iPhone.ActiveCfg = Release|x86
		{6893208B-5D12-437D-9CA6-BD3874534750}.AppStore|iPhone.Build.0 = Release|x86
		{6893208B-5D12-437D-9CA6-BD3874534750}.AppStore|iPhone.Deploy.0 = Release|x86
		{6893208B-5D12-437D-9CA6-BD3874534750}.AppStore|iPhoneSimulator.ActiveCfg = Release|x86
		{6893208B-5D12-437D-9CA6-BD3874534750}.AppStore|iPhoneSimulator.Build.0 = Release|x86
		{6893208B-5D12-437D-9CA6-BD3874534750}.AppStore|iPhoneSimulator.Deploy.0 = Release|x86
		{6893208B-5D12-437D-9CA6-BD3874534750}.AppStore|x64.ActiveCfg = Release|x64
		{6893208B-5D12-437D-9CA6-BD3874534750}.AppStore|x64.Build.0 = Release|x64
		{6893208B-5D12-437D-9CA6-BD3874534750}.AppStore|x64.Deploy.0 = Release|x64
		{6893208B-5D12-437D-9CA6-BD3874534750}.AppStore|x86.ActiveCfg = Release|x86
		{6893208B-5D12-437D-9CA6-BD3874534750}.AppStore|x86.Build.0 = Release|x86
		{6893208B-5D12-437D-9CA6-BD3874534750}.AppStore|x86.Deploy.0 = Release|x86
		{6893208B-5D12-437D-9CA6-BD3874534750}.Debug|Any CPU.ActiveCfg = Debug|x86
		{6893208B-5D12-437D-9CA6-BD3874534750}.Debug|ARM.ActiveCfg = Debug|ARM
		{6893208B-5D12-437D-9CA6-BD3874534750}.Debug|ARM.Build.0 = Debug|ARM
		{6893208B-5D12-437D-9CA6-BD3874534750}.Debug|ARM.Deploy.0 = Debug|ARM
		{6893208B-5D12-437D-9CA6-BD3874534750}.Debug|iPhone.ActiveCfg = Debug|x86
		{6893208B-5D12-437D-9CA6-BD3874534750}.Debug|iPhone.Build.0 = Debug|x86
		{6893208B-5D12-437D-9CA6-BD3874534750}.Debug|iPhoneSimulator.ActiveCfg = Debug|x86
		{6893208B-5D12-437D-9CA6-BD3874534750}.Debug|x64.ActiveCfg = Debug|x64
		{6893208B-5D12-437D-9CA6-BD3874534750}.Debug|x64.Build.0 = Debug|x64
		{6893208B-5D12-437D-9CA6-BD3874534750}.Debug|x64.Deploy.0 = Debug|x64
		{6893208B-5D12-437D-9CA6-BD3874534750}.Debug|x86.ActiveCfg = Debug|x86
		{6893208B-5D12-437D-9CA6-BD3874534750}.Debug|x86.Build.0 = Debug|x86
		{6893208B-5D12-437D-9CA6-BD3874534750}.Debug|x86.Deploy.0 = Debug|x86
		{6893208B-5D12-437D-9CA6-BD3874534750}.Release|Any CPU.ActiveCfg = Release|x86
		{6893208B-5D12-437D-9CA6-BD3874534750}.Release|ARM.ActiveCfg = Release|ARM
		{6893208B-5D12-437D-9CA6-BD3874534750}.Release|ARM.Build.0 = Release|ARM
		{6893208B-5D12-437D-9CA6-BD3874534750}.Release|ARM.Deploy.0 = Release|ARM
		{6893208B-5D12-437D-9CA6-BD3874534750}.Release|iPhone.ActiveCfg = Release|x86
		{6893208B-5D12-437D-9CA6-BD3874534750}.Release|iPhoneSimulator.ActiveCfg = Release|x86
		{6893208B-5D12-437D-9CA6-BD3874534750}.Release|x64.ActiveCfg = Release|x64
		{6893208B-5D12-437D-9CA6-BD3874534750}.Release|x64.Build.0 = Release|x64
		{6893208B-5D12-437D-9CA6-BD3874534750}.Release|x64.Deploy.0 = Release|x64
		{6893208B-5D12-437D-9CA6-BD3874534750}.Release|x86.ActiveCfg = Release|x86
		{6893208B-5D12-437D-9CA6-BD3874534750}.Release|x86.Build.0 = Release|x86
		{6893208B-5D12-437D-9CA6-BD3874534750}.Release|x86.Deploy.0 = Release|x86
		{74BD10E3-1652-45C3-B16F-A6FFDD0D2AB5}.Ad-Hoc|Any CPU.ActiveCfg = Debug|Any CPU
		{74BD10E3-1652-45C3-B16F-A6FFDD0D2AB5}.Ad-Hoc|Any CPU.Build.0 = Debug|Any CPU
		{74BD10E3-1652-45C3-B16F-A6FFDD0D2AB5}.Ad-Hoc|ARM.ActiveCfg = Debug|Any CPU
		{74BD10E3-1652-45C3-B16F-A6FFDD0D2AB5}.Ad-Hoc|ARM.Build.0 = Debug|Any CPU
		{74BD10E3-1652-45C3-B16F-A6FFDD0D2AB5}.Ad-Hoc|iPhone.ActiveCfg = Debug|Any CPU
		{74BD10E3-1652-45C3-B16F-A6FFDD0D2AB5}.Ad-Hoc|iPhone.Build.0 = Debug|Any CPU
		{74BD10E3-1652-45C3-B16F-A6FFDD0D2AB5}.Ad-Hoc|iPhoneSimulator.ActiveCfg = Debug|Any CPU
		{74BD10E3-1652-45C3-B16F-A6FFDD0D2AB5}.Ad-Hoc|iPhoneSimulator.Build.0 = Debug|Any CPU
		{74BD10E3-1652-45C3-B16F-A6FFDD0D2AB5}.Ad-Hoc|x64.ActiveCfg = Debug|Any CPU
		{74BD10E3-1652-45C3-B16F-A6FFDD0D2AB5}.Ad-Hoc|x64.Build.0 = Debug|Any CPU
		{74BD10E3-1652-45C3-B16F-A6FFDD0D2AB5}.Ad-Hoc|x86.ActiveCfg = Debug|Any CPU
		{74BD10E3-1652-45C3-B16F-A6FFDD0D2AB5}.Ad-Hoc|x86.Build.0 = Debug|Any CPU
		{74BD10E3-1652-45C3-B16F-A6FFDD0D2AB5}.AppStore|Any CPU.ActiveCfg = Debug|Any CPU
		{74BD10E3-1652-45C3-B16F-A6FFDD0D2AB5}.AppStore|Any CPU.Build.0 = Debug|Any CPU
		{74BD10E3-1652-45C3-B16F-A6FFDD0D2AB5}.AppStore|ARM.ActiveCfg = Debug|Any CPU
		{74BD10E3-1652-45C3-B16F-A6FFDD0D2AB5}.AppStore|ARM.Build.0 = Debug|Any CPU
		{74BD10E3-1652-45C3-B16F-A6FFDD0D2AB5}.AppStore|iPhone.ActiveCfg = Debug|Any CPU
		{74BD10E3-1652-45C3-B16F-A6FFDD0D2AB5}.AppStore|iPhone.Build.0 = Debug|Any CPU
		{74BD10E3-1652-45C3-B16F-A6FFDD0D2AB5}.AppStore|iPhoneSimulator.ActiveCfg = Debug|Any CPU
		{74BD10E3-1652-45C3-B16F-A6FFDD0D2AB5}.AppStore|iPhoneSimulator.Build.0 = Debug|Any CPU
		{74BD10E3-1652-45C3-B16F-A6FFDD0D2AB5}.AppStore|x64.ActiveCfg = Debug|Any CPU
		{74BD10E3-1652-45C3-B16F-A6FFDD0D2AB5}.AppStore|x64.Build.0 = Debug|Any CPU
		{74BD10E3-1652-45C3-B16F-A6FFDD0D2AB5}.AppStore|x86.ActiveCfg = Debug|Any CPU
		{74BD10E3-1652-45C3-B16F-A6FFDD0D2AB5}.AppStore|x86.Build.0 = Debug|Any CPU
		{74BD10E3-1652-45C3-B16F-A6FFDD0D2AB5}.Debug|Any CPU.ActiveCfg = Debug|Any CPU
		{74BD10E3-1652-45C3-B16F-A6FFDD0D2AB5}.Debug|Any CPU.Build.0 = Debug|Any CPU
		{74BD10E3-1652-45C3-B16F-A6FFDD0D2AB5}.Debug|ARM.ActiveCfg = Debug|Any CPU
		{74BD10E3-1652-45C3-B16F-A6FFDD0D2AB5}.Debug|ARM.Build.0 = Debug|Any CPU
		{74BD10E3-1652-45C3-B16F-A6FFDD0D2AB5}.Debug|iPhone.ActiveCfg = Debug|Any CPU
		{74BD10E3-1652-45C3-B16F-A6FFDD0D2AB5}.Debug|iPhone.Build.0 = Debug|Any CPU
		{74BD10E3-1652-45C3-B16F-A6FFDD0D2AB5}.Debug|iPhoneSimulator.ActiveCfg = Debug|Any CPU
		{74BD10E3-1652-45C3-B16F-A6FFDD0D2AB5}.Debug|iPhoneSimulator.Build.0 = Debug|Any CPU
		{74BD10E3-1652-45C3-B16F-A6FFDD0D2AB5}.Debug|x64.ActiveCfg = Debug|Any CPU
		{74BD10E3-1652-45C3-B16F-A6FFDD0D2AB5}.Debug|x64.Build.0 = Debug|Any CPU
		{74BD10E3-1652-45C3-B16F-A6FFDD0D2AB5}.Debug|x86.ActiveCfg = Debug|Any CPU
		{74BD10E3-1652-45C3-B16F-A6FFDD0D2AB5}.Debug|x86.Build.0 = Debug|Any CPU
		{74BD10E3-1652-45C3-B16F-A6FFDD0D2AB5}.Release|Any CPU.ActiveCfg = Release|Any CPU
		{74BD10E3-1652-45C3-B16F-A6FFDD0D2AB5}.Release|Any CPU.Build.0 = Release|Any CPU
		{74BD10E3-1652-45C3-B16F-A6FFDD0D2AB5}.Release|ARM.ActiveCfg = Release|Any CPU
		{74BD10E3-1652-45C3-B16F-A6FFDD0D2AB5}.Release|ARM.Build.0 = Release|Any CPU
		{74BD10E3-1652-45C3-B16F-A6FFDD0D2AB5}.Release|iPhone.ActiveCfg = Release|Any CPU
		{74BD10E3-1652-45C3-B16F-A6FFDD0D2AB5}.Release|iPhone.Build.0 = Release|Any CPU
		{74BD10E3-1652-45C3-B16F-A6FFDD0D2AB5}.Release|iPhoneSimulator.ActiveCfg = Release|Any CPU
		{74BD10E3-1652-45C3-B16F-A6FFDD0D2AB5}.Release|iPhoneSimulator.Build.0 = Release|Any CPU
		{74BD10E3-1652-45C3-B16F-A6FFDD0D2AB5}.Release|x64.ActiveCfg = Release|Any CPU
		{74BD10E3-1652-45C3-B16F-A6FFDD0D2AB5}.Release|x64.Build.0 = Release|Any CPU
		{74BD10E3-1652-45C3-B16F-A6FFDD0D2AB5}.Release|x86.ActiveCfg = Release|Any CPU
		{74BD10E3-1652-45C3-B16F-A6FFDD0D2AB5}.Release|x86.Build.0 = Release|Any CPU
		{56671F51-296E-4D10-B720-730D6B68AB4E}.Ad-Hoc|Any CPU.ActiveCfg = Release|Any CPU
		{56671F51-296E-4D10-B720-730D6B68AB4E}.Ad-Hoc|Any CPU.Build.0 = Release|Any CPU
		{56671F51-296E-4D10-B720-730D6B68AB4E}.Ad-Hoc|Any CPU.Deploy.0 = Release|Any CPU
		{56671F51-296E-4D10-B720-730D6B68AB4E}.Ad-Hoc|ARM.ActiveCfg = Release|Any CPU
		{56671F51-296E-4D10-B720-730D6B68AB4E}.Ad-Hoc|ARM.Build.0 = Release|Any CPU
		{56671F51-296E-4D10-B720-730D6B68AB4E}.Ad-Hoc|ARM.Deploy.0 = Release|Any CPU
		{56671F51-296E-4D10-B720-730D6B68AB4E}.Ad-Hoc|iPhone.ActiveCfg = Release|Any CPU
		{56671F51-296E-4D10-B720-730D6B68AB4E}.Ad-Hoc|iPhone.Build.0 = Release|Any CPU
		{56671F51-296E-4D10-B720-730D6B68AB4E}.Ad-Hoc|iPhone.Deploy.0 = Release|Any CPU
		{56671F51-296E-4D10-B720-730D6B68AB4E}.Ad-Hoc|iPhoneSimulator.ActiveCfg = Release|Any CPU
		{56671F51-296E-4D10-B720-730D6B68AB4E}.Ad-Hoc|iPhoneSimulator.Build.0 = Release|Any CPU
		{56671F51-296E-4D10-B720-730D6B68AB4E}.Ad-Hoc|iPhoneSimulator.Deploy.0 = Release|Any CPU
		{56671F51-296E-4D10-B720-730D6B68AB4E}.Ad-Hoc|x64.ActiveCfg = Release|Any CPU
		{56671F51-296E-4D10-B720-730D6B68AB4E}.Ad-Hoc|x64.Build.0 = Release|Any CPU
		{56671F51-296E-4D10-B720-730D6B68AB4E}.Ad-Hoc|x64.Deploy.0 = Release|Any CPU
		{56671F51-296E-4D10-B720-730D6B68AB4E}.Ad-Hoc|x86.ActiveCfg = Release|Any CPU
		{56671F51-296E-4D10-B720-730D6B68AB4E}.Ad-Hoc|x86.Build.0 = Release|Any CPU
		{56671F51-296E-4D10-B720-730D6B68AB4E}.Ad-Hoc|x86.Deploy.0 = Release|Any CPU
		{56671F51-296E-4D10-B720-730D6B68AB4E}.AppStore|Any CPU.ActiveCfg = Release|Any CPU
		{56671F51-296E-4D10-B720-730D6B68AB4E}.AppStore|Any CPU.Build.0 = Release|Any CPU
		{56671F51-296E-4D10-B720-730D6B68AB4E}.AppStore|Any CPU.Deploy.0 = Release|Any CPU
		{56671F51-296E-4D10-B720-730D6B68AB4E}.AppStore|ARM.ActiveCfg = Release|Any CPU
		{56671F51-296E-4D10-B720-730D6B68AB4E}.AppStore|ARM.Build.0 = Release|Any CPU
		{56671F51-296E-4D10-B720-730D6B68AB4E}.AppStore|ARM.Deploy.0 = Release|Any CPU
		{56671F51-296E-4D10-B720-730D6B68AB4E}.AppStore|iPhone.ActiveCfg = Release|Any CPU
		{56671F51-296E-4D10-B720-730D6B68AB4E}.AppStore|iPhone.Build.0 = Release|Any CPU
		{56671F51-296E-4D10-B720-730D6B68AB4E}.AppStore|iPhone.Deploy.0 = Release|Any CPU
		{56671F51-296E-4D10-B720-730D6B68AB4E}.AppStore|iPhoneSimulator.ActiveCfg = Release|Any CPU
		{56671F51-296E-4D10-B720-730D6B68AB4E}.AppStore|iPhoneSimulator.Build.0 = Release|Any CPU
		{56671F51-296E-4D10-B720-730D6B68AB4E}.AppStore|iPhoneSimulator.Deploy.0 = Release|Any CPU
		{56671F51-296E-4D10-B720-730D6B68AB4E}.AppStore|x64.ActiveCfg = Release|Any CPU
		{56671F51-296E-4D10-B720-730D6B68AB4E}.AppStore|x64.Build.0 = Release|Any CPU
		{56671F51-296E-4D10-B720-730D6B68AB4E}.AppStore|x64.Deploy.0 = Release|Any CPU
		{56671F51-296E-4D10-B720-730D6B68AB4E}.AppStore|x86.ActiveCfg = Release|Any CPU
		{56671F51-296E-4D10-B720-730D6B68AB4E}.AppStore|x86.Build.0 = Release|Any CPU
		{56671F51-296E-4D10-B720-730D6B68AB4E}.AppStore|x86.Deploy.0 = Release|Any CPU
		{56671F51-296E-4D10-B720-730D6B68AB4E}.Debug|Any CPU.ActiveCfg = Debug|Any CPU
		{56671F51-296E-4D10-B720-730D6B68AB4E}.Debug|Any CPU.Build.0 = Debug|Any CPU
		{56671F51-296E-4D10-B720-730D6B68AB4E}.Debug|Any CPU.Deploy.0 = Debug|Any CPU
		{56671F51-296E-4D10-B720-730D6B68AB4E}.Debug|ARM.ActiveCfg = Debug|Any CPU
		{56671F51-296E-4D10-B720-730D6B68AB4E}.Debug|ARM.Build.0 = Debug|Any CPU
		{56671F51-296E-4D10-B720-730D6B68AB4E}.Debug|ARM.Deploy.0 = Debug|Any CPU
		{56671F51-296E-4D10-B720-730D6B68AB4E}.Debug|iPhone.ActiveCfg = Debug|Any CPU
		{56671F51-296E-4D10-B720-730D6B68AB4E}.Debug|iPhone.Build.0 = Debug|Any CPU
		{56671F51-296E-4D10-B720-730D6B68AB4E}.Debug|iPhone.Deploy.0 = Debug|Any CPU
		{56671F51-296E-4D10-B720-730D6B68AB4E}.Debug|iPhoneSimulator.ActiveCfg = Debug|Any CPU
		{56671F51-296E-4D10-B720-730D6B68AB4E}.Debug|iPhoneSimulator.Build.0 = Debug|Any CPU
		{56671F51-296E-4D10-B720-730D6B68AB4E}.Debug|iPhoneSimulator.Deploy.0 = Debug|Any CPU
		{56671F51-296E-4D10-B720-730D6B68AB4E}.Debug|x64.ActiveCfg = Debug|Any CPU
		{56671F51-296E-4D10-B720-730D6B68AB4E}.Debug|x64.Build.0 = Debug|Any CPU
		{56671F51-296E-4D10-B720-730D6B68AB4E}.Debug|x64.Deploy.0 = Debug|Any CPU
		{56671F51-296E-4D10-B720-730D6B68AB4E}.Debug|x86.ActiveCfg = Debug|Any CPU
		{56671F51-296E-4D10-B720-730D6B68AB4E}.Debug|x86.Build.0 = Debug|Any CPU
		{56671F51-296E-4D10-B720-730D6B68AB4E}.Debug|x86.Deploy.0 = Debug|Any CPU
		{56671F51-296E-4D10-B720-730D6B68AB4E}.Release|Any CPU.ActiveCfg = Release|Any CPU
		{56671F51-296E-4D10-B720-730D6B68AB4E}.Release|Any CPU.Build.0 = Release|Any CPU
		{56671F51-296E-4D10-B720-730D6B68AB4E}.Release|Any CPU.Deploy.0 = Release|Any CPU
		{56671F51-296E-4D10-B720-730D6B68AB4E}.Release|ARM.ActiveCfg = Release|Any CPU
		{56671F51-296E-4D10-B720-730D6B68AB4E}.Release|ARM.Build.0 = Release|Any CPU
		{56671F51-296E-4D10-B720-730D6B68AB4E}.Release|ARM.Deploy.0 = Release|Any CPU
		{56671F51-296E-4D10-B720-730D6B68AB4E}.Release|iPhone.ActiveCfg = Release|Any CPU
		{56671F51-296E-4D10-B720-730D6B68AB4E}.Release|iPhone.Build.0 = Release|Any CPU
		{56671F51-296E-4D10-B720-730D6B68AB4E}.Release|iPhone.Deploy.0 = Release|Any CPU
		{56671F51-296E-4D10-B720-730D6B68AB4E}.Release|iPhoneSimulator.ActiveCfg = Release|Any CPU
		{56671F51-296E-4D10-B720-730D6B68AB4E}.Release|iPhoneSimulator.Build.0 = Release|Any CPU
		{56671F51-296E-4D10-B720-730D6B68AB4E}.Release|iPhoneSimulator.Deploy.0 = Release|Any CPU
		{56671F51-296E-4D10-B720-730D6B68AB4E}.Release|x64.ActiveCfg = Release|Any CPU
		{56671F51-296E-4D10-B720-730D6B68AB4E}.Release|x64.Build.0 = Release|Any CPU
		{56671F51-296E-4D10-B720-730D6B68AB4E}.Release|x64.Deploy.0 = Release|Any CPU
		{56671F51-296E-4D10-B720-730D6B68AB4E}.Release|x86.ActiveCfg = Release|Any CPU
		{56671F51-296E-4D10-B720-730D6B68AB4E}.Release|x86.Build.0 = Release|Any CPU
		{56671F51-296E-4D10-B720-730D6B68AB4E}.Release|x86.Deploy.0 = Release|Any CPU
		{80A96B52-6758-4BDB-B0B4-CEA4CA155C60}.Ad-Hoc|Any CPU.ActiveCfg = Release|iPhone
		{80A96B52-6758-4BDB-B0B4-CEA4CA155C60}.Ad-Hoc|Any CPU.Build.0 = Release|iPhone
		{80A96B52-6758-4BDB-B0B4-CEA4CA155C60}.Ad-Hoc|ARM.ActiveCfg = Release|iPhone
		{80A96B52-6758-4BDB-B0B4-CEA4CA155C60}.Ad-Hoc|ARM.Build.0 = Release|iPhone
		{80A96B52-6758-4BDB-B0B4-CEA4CA155C60}.Ad-Hoc|iPhone.ActiveCfg = Release|iPhone
		{80A96B52-6758-4BDB-B0B4-CEA4CA155C60}.Ad-Hoc|iPhone.Build.0 = Release|iPhone
		{80A96B52-6758-4BDB-B0B4-CEA4CA155C60}.Ad-Hoc|iPhoneSimulator.ActiveCfg = Release|iPhoneSimulator
		{80A96B52-6758-4BDB-B0B4-CEA4CA155C60}.Ad-Hoc|iPhoneSimulator.Build.0 = Release|iPhoneSimulator
		{80A96B52-6758-4BDB-B0B4-CEA4CA155C60}.Ad-Hoc|x64.ActiveCfg = Release|iPhone
		{80A96B52-6758-4BDB-B0B4-CEA4CA155C60}.Ad-Hoc|x64.Build.0 = Release|iPhone
		{80A96B52-6758-4BDB-B0B4-CEA4CA155C60}.Ad-Hoc|x86.ActiveCfg = Release|iPhone
		{80A96B52-6758-4BDB-B0B4-CEA4CA155C60}.Ad-Hoc|x86.Build.0 = Release|iPhone
		{80A96B52-6758-4BDB-B0B4-CEA4CA155C60}.AppStore|Any CPU.ActiveCfg = Release|iPhone
		{80A96B52-6758-4BDB-B0B4-CEA4CA155C60}.AppStore|Any CPU.Build.0 = Release|iPhone
		{80A96B52-6758-4BDB-B0B4-CEA4CA155C60}.AppStore|ARM.ActiveCfg = Release|iPhone
		{80A96B52-6758-4BDB-B0B4-CEA4CA155C60}.AppStore|ARM.Build.0 = Release|iPhone
		{80A96B52-6758-4BDB-B0B4-CEA4CA155C60}.AppStore|iPhone.ActiveCfg = Release|iPhone
		{80A96B52-6758-4BDB-B0B4-CEA4CA155C60}.AppStore|iPhone.Build.0 = Release|iPhone
		{80A96B52-6758-4BDB-B0B4-CEA4CA155C60}.AppStore|iPhoneSimulator.ActiveCfg = Release|iPhoneSimulator
		{80A96B52-6758-4BDB-B0B4-CEA4CA155C60}.AppStore|iPhoneSimulator.Build.0 = Release|iPhoneSimulator
		{80A96B52-6758-4BDB-B0B4-CEA4CA155C60}.AppStore|x64.ActiveCfg = Release|iPhone
		{80A96B52-6758-4BDB-B0B4-CEA4CA155C60}.AppStore|x64.Build.0 = Release|iPhone
		{80A96B52-6758-4BDB-B0B4-CEA4CA155C60}.AppStore|x86.ActiveCfg = Release|iPhone
		{80A96B52-6758-4BDB-B0B4-CEA4CA155C60}.AppStore|x86.Build.0 = Release|iPhone
		{80A96B52-6758-4BDB-B0B4-CEA4CA155C60}.Debug|Any CPU.ActiveCfg = Debug|iPhone
		{80A96B52-6758-4BDB-B0B4-CEA4CA155C60}.Debug|ARM.ActiveCfg = Debug|iPhone
		{80A96B52-6758-4BDB-B0B4-CEA4CA155C60}.Debug|iPhone.ActiveCfg = Debug|iPhone
		{80A96B52-6758-4BDB-B0B4-CEA4CA155C60}.Debug|iPhone.Build.0 = Debug|iPhone
		{80A96B52-6758-4BDB-B0B4-CEA4CA155C60}.Debug|iPhoneSimulator.ActiveCfg = Debug|iPhoneSimulator
		{80A96B52-6758-4BDB-B0B4-CEA4CA155C60}.Debug|iPhoneSimulator.Build.0 = Debug|iPhoneSimulator
		{80A96B52-6758-4BDB-B0B4-CEA4CA155C60}.Debug|x64.ActiveCfg = Debug|iPhone
		{80A96B52-6758-4BDB-B0B4-CEA4CA155C60}.Debug|x86.ActiveCfg = Debug|iPhone
		{80A96B52-6758-4BDB-B0B4-CEA4CA155C60}.Release|Any CPU.ActiveCfg = Release|iPhone
		{80A96B52-6758-4BDB-B0B4-CEA4CA155C60}.Release|ARM.ActiveCfg = Release|iPhone
		{80A96B52-6758-4BDB-B0B4-CEA4CA155C60}.Release|iPhone.ActiveCfg = Release|iPhone
		{80A96B52-6758-4BDB-B0B4-CEA4CA155C60}.Release|iPhone.Build.0 = Release|iPhone
		{80A96B52-6758-4BDB-B0B4-CEA4CA155C60}.Release|iPhoneSimulator.ActiveCfg = Release|iPhoneSimulator
		{80A96B52-6758-4BDB-B0B4-CEA4CA155C60}.Release|iPhoneSimulator.Build.0 = Release|iPhoneSimulator
		{80A96B52-6758-4BDB-B0B4-CEA4CA155C60}.Release|x64.ActiveCfg = Release|iPhone
		{80A96B52-6758-4BDB-B0B4-CEA4CA155C60}.Release|x86.ActiveCfg = Release|iPhone
		{91FEA572-D946-42D6-BDEA-A13501D53601}.Ad-Hoc|Any CPU.ActiveCfg = Release|x64
		{91FEA572-D946-42D6-BDEA-A13501D53601}.Ad-Hoc|Any CPU.Build.0 = Release|x64
		{91FEA572-D946-42D6-BDEA-A13501D53601}.Ad-Hoc|Any CPU.Deploy.0 = Release|x64
		{91FEA572-D946-42D6-BDEA-A13501D53601}.Ad-Hoc|ARM.ActiveCfg = Release|ARM
		{91FEA572-D946-42D6-BDEA-A13501D53601}.Ad-Hoc|ARM.Build.0 = Release|ARM
		{91FEA572-D946-42D6-BDEA-A13501D53601}.Ad-Hoc|ARM.Deploy.0 = Release|ARM
		{91FEA572-D946-42D6-BDEA-A13501D53601}.Ad-Hoc|iPhone.ActiveCfg = Release|x64
		{91FEA572-D946-42D6-BDEA-A13501D53601}.Ad-Hoc|iPhone.Build.0 = Release|x64
		{91FEA572-D946-42D6-BDEA-A13501D53601}.Ad-Hoc|iPhone.Deploy.0 = Release|x64
		{91FEA572-D946-42D6-BDEA-A13501D53601}.Ad-Hoc|iPhoneSimulator.ActiveCfg = Release|x64
		{91FEA572-D946-42D6-BDEA-A13501D53601}.Ad-Hoc|iPhoneSimulator.Build.0 = Release|x64
		{91FEA572-D946-42D6-BDEA-A13501D53601}.Ad-Hoc|iPhoneSimulator.Deploy.0 = Release|x64
		{91FEA572-D946-42D6-BDEA-A13501D53601}.Ad-Hoc|x64.ActiveCfg = Release|x64
		{91FEA572-D946-42D6-BDEA-A13501D53601}.Ad-Hoc|x64.Build.0 = Release|x64
		{91FEA572-D946-42D6-BDEA-A13501D53601}.Ad-Hoc|x64.Deploy.0 = Release|x64
		{91FEA572-D946-42D6-BDEA-A13501D53601}.Ad-Hoc|x86.ActiveCfg = Release|x86
		{91FEA572-D946-42D6-BDEA-A13501D53601}.Ad-Hoc|x86.Build.0 = Release|x86
		{91FEA572-D946-42D6-BDEA-A13501D53601}.Ad-Hoc|x86.Deploy.0 = Release|x86
		{91FEA572-D946-42D6-BDEA-A13501D53601}.AppStore|Any CPU.ActiveCfg = Release|x64
		{91FEA572-D946-42D6-BDEA-A13501D53601}.AppStore|Any CPU.Build.0 = Release|x64
		{91FEA572-D946-42D6-BDEA-A13501D53601}.AppStore|Any CPU.Deploy.0 = Release|x64
		{91FEA572-D946-42D6-BDEA-A13501D53601}.AppStore|ARM.ActiveCfg = Release|ARM
		{91FEA572-D946-42D6-BDEA-A13501D53601}.AppStore|ARM.Build.0 = Release|ARM
		{91FEA572-D946-42D6-BDEA-A13501D53601}.AppStore|ARM.Deploy.0 = Release|ARM
		{91FEA572-D946-42D6-BDEA-A13501D53601}.AppStore|iPhone.ActiveCfg = Release|x64
		{91FEA572-D946-42D6-BDEA-A13501D53601}.AppStore|iPhone.Build.0 = Release|x64
		{91FEA572-D946-42D6-BDEA-A13501D53601}.AppStore|iPhone.Deploy.0 = Release|x64
		{91FEA572-D946-42D6-BDEA-A13501D53601}.AppStore|iPhoneSimulator.ActiveCfg = Release|x64
		{91FEA572-D946-42D6-BDEA-A13501D53601}.AppStore|iPhoneSimulator.Build.0 = Release|x64
		{91FEA572-D946-42D6-BDEA-A13501D53601}.AppStore|iPhoneSimulator.Deploy.0 = Release|x64
		{91FEA572-D946-42D6-BDEA-A13501D53601}.AppStore|x64.ActiveCfg = Release|x64
		{91FEA572-D946-42D6-BDEA-A13501D53601}.AppStore|x64.Build.0 = Release|x64
		{91FEA572-D946-42D6-BDEA-A13501D53601}.AppStore|x64.Deploy.0 = Release|x64
		{91FEA572-D946-42D6-BDEA-A13501D53601}.AppStore|x86.ActiveCfg = Release|x86
		{91FEA572-D946-42D6-BDEA-A13501D53601}.AppStore|x86.Build.0 = Release|x86
		{91FEA572-D946-42D6-BDEA-A13501D53601}.AppStore|x86.Deploy.0 = Release|x86
		{91FEA572-D946-42D6-BDEA-A13501D53601}.Debug|Any CPU.ActiveCfg = Debug|x86
		{91FEA572-D946-42D6-BDEA-A13501D53601}.Debug|ARM.ActiveCfg = Debug|ARM
		{91FEA572-D946-42D6-BDEA-A13501D53601}.Debug|ARM.Build.0 = Debug|ARM
		{91FEA572-D946-42D6-BDEA-A13501D53601}.Debug|ARM.Deploy.0 = Debug|ARM
		{91FEA572-D946-42D6-BDEA-A13501D53601}.Debug|iPhone.ActiveCfg = Debug|x86
		{91FEA572-D946-42D6-BDEA-A13501D53601}.Debug|iPhone.Build.0 = Debug|x86
		{91FEA572-D946-42D6-BDEA-A13501D53601}.Debug|iPhoneSimulator.ActiveCfg = Debug|x86
		{91FEA572-D946-42D6-BDEA-A13501D53601}.Debug|x64.ActiveCfg = Debug|x64
		{91FEA572-D946-42D6-BDEA-A13501D53601}.Debug|x64.Build.0 = Debug|x64
		{91FEA572-D946-42D6-BDEA-A13501D53601}.Debug|x64.Deploy.0 = Debug|x64
		{91FEA572-D946-42D6-BDEA-A13501D53601}.Debug|x86.ActiveCfg = Debug|x86
		{91FEA572-D946-42D6-BDEA-A13501D53601}.Debug|x86.Build.0 = Debug|x86
		{91FEA572-D946-42D6-BDEA-A13501D53601}.Debug|x86.Deploy.0 = Debug|x86
		{91FEA572-D946-42D6-BDEA-A13501D53601}.Release|Any CPU.ActiveCfg = Release|x86
		{91FEA572-D946-42D6-BDEA-A13501D53601}.Release|ARM.ActiveCfg = Release|ARM
		{91FEA572-D946-42D6-BDEA-A13501D53601}.Release|ARM.Build.0 = Release|ARM
		{91FEA572-D946-42D6-BDEA-A13501D53601}.Release|ARM.Deploy.0 = Release|ARM
		{91FEA572-D946-42D6-BDEA-A13501D53601}.Release|iPhone.ActiveCfg = Release|x86
		{91FEA572-D946-42D6-BDEA-A13501D53601}.Release|iPhoneSimulator.ActiveCfg = Release|x86
		{91FEA572-D946-42D6-BDEA-A13501D53601}.Release|x64.ActiveCfg = Release|x64
		{91FEA572-D946-42D6-BDEA-A13501D53601}.Release|x64.Build.0 = Release|x64
		{91FEA572-D946-42D6-BDEA-A13501D53601}.Release|x64.Deploy.0 = Release|x64
		{91FEA572-D946-42D6-BDEA-A13501D53601}.Release|x86.ActiveCfg = Release|x86
		{91FEA572-D946-42D6-BDEA-A13501D53601}.Release|x86.Build.0 = Release|x86
		{91FEA572-D946-42D6-BDEA-A13501D53601}.Release|x86.Deploy.0 = Release|x86
		{40009F33-51A1-49E4-9C94-890EAED26593}.Ad-Hoc|Any CPU.ActiveCfg = Debug|Any CPU
		{40009F33-51A1-49E4-9C94-890EAED26593}.Ad-Hoc|Any CPU.Build.0 = Debug|Any CPU
		{40009F33-51A1-49E4-9C94-890EAED26593}.Ad-Hoc|ARM.ActiveCfg = Debug|Any CPU
		{40009F33-51A1-49E4-9C94-890EAED26593}.Ad-Hoc|ARM.Build.0 = Debug|Any CPU
		{40009F33-51A1-49E4-9C94-890EAED26593}.Ad-Hoc|iPhone.ActiveCfg = Debug|Any CPU
		{40009F33-51A1-49E4-9C94-890EAED26593}.Ad-Hoc|iPhone.Build.0 = Debug|Any CPU
		{40009F33-51A1-49E4-9C94-890EAED26593}.Ad-Hoc|iPhoneSimulator.ActiveCfg = Debug|Any CPU
		{40009F33-51A1-49E4-9C94-890EAED26593}.Ad-Hoc|iPhoneSimulator.Build.0 = Debug|Any CPU
		{40009F33-51A1-49E4-9C94-890EAED26593}.Ad-Hoc|x64.ActiveCfg = Debug|Any CPU
		{40009F33-51A1-49E4-9C94-890EAED26593}.Ad-Hoc|x64.Build.0 = Debug|Any CPU
		{40009F33-51A1-49E4-9C94-890EAED26593}.Ad-Hoc|x86.ActiveCfg = Debug|Any CPU
		{40009F33-51A1-49E4-9C94-890EAED26593}.Ad-Hoc|x86.Build.0 = Debug|Any CPU
		{40009F33-51A1-49E4-9C94-890EAED26593}.AppStore|Any CPU.ActiveCfg = Debug|Any CPU
		{40009F33-51A1-49E4-9C94-890EAED26593}.AppStore|Any CPU.Build.0 = Debug|Any CPU
		{40009F33-51A1-49E4-9C94-890EAED26593}.AppStore|ARM.ActiveCfg = Debug|Any CPU
		{40009F33-51A1-49E4-9C94-890EAED26593}.AppStore|ARM.Build.0 = Debug|Any CPU
		{40009F33-51A1-49E4-9C94-890EAED26593}.AppStore|iPhone.ActiveCfg = Debug|Any CPU
		{40009F33-51A1-49E4-9C94-890EAED26593}.AppStore|iPhone.Build.0 = Debug|Any CPU
		{40009F33-51A1-49E4-9C94-890EAED26593}.AppStore|iPhoneSimulator.ActiveCfg = Debug|Any CPU
		{40009F33-51A1-49E4-9C94-890EAED26593}.AppStore|iPhoneSimulator.Build.0 = Debug|Any CPU
		{40009F33-51A1-49E4-9C94-890EAED26593}.AppStore|x64.ActiveCfg = Debug|Any CPU
		{40009F33-51A1-49E4-9C94-890EAED26593}.AppStore|x64.Build.0 = Debug|Any CPU
		{40009F33-51A1-49E4-9C94-890EAED26593}.AppStore|x86.ActiveCfg = Debug|Any CPU
		{40009F33-51A1-49E4-9C94-890EAED26593}.AppStore|x86.Build.0 = Debug|Any CPU
		{40009F33-51A1-49E4-9C94-890EAED26593}.Debug|Any CPU.ActiveCfg = Debug|Any CPU
		{40009F33-51A1-49E4-9C94-890EAED26593}.Debug|Any CPU.Build.0 = Debug|Any CPU
		{40009F33-51A1-49E4-9C94-890EAED26593}.Debug|ARM.ActiveCfg = Debug|Any CPU
		{40009F33-51A1-49E4-9C94-890EAED26593}.Debug|ARM.Build.0 = Debug|Any CPU
		{40009F33-51A1-49E4-9C94-890EAED26593}.Debug|iPhone.ActiveCfg = Debug|Any CPU
		{40009F33-51A1-49E4-9C94-890EAED26593}.Debug|iPhone.Build.0 = Debug|Any CPU
		{40009F33-51A1-49E4-9C94-890EAED26593}.Debug|iPhoneSimulator.ActiveCfg = Debug|Any CPU
		{40009F33-51A1-49E4-9C94-890EAED26593}.Debug|iPhoneSimulator.Build.0 = Debug|Any CPU
		{40009F33-51A1-49E4-9C94-890EAED26593}.Debug|x64.ActiveCfg = Debug|Any CPU
		{40009F33-51A1-49E4-9C94-890EAED26593}.Debug|x64.Build.0 = Debug|Any CPU
		{40009F33-51A1-49E4-9C94-890EAED26593}.Debug|x86.ActiveCfg = Debug|Any CPU
		{40009F33-51A1-49E4-9C94-890EAED26593}.Debug|x86.Build.0 = Debug|Any CPU
		{40009F33-51A1-49E4-9C94-890EAED26593}.Release|Any CPU.ActiveCfg = Release|Any CPU
		{40009F33-51A1-49E4-9C94-890EAED26593}.Release|Any CPU.Build.0 = Release|Any CPU
		{40009F33-51A1-49E4-9C94-890EAED26593}.Release|ARM.ActiveCfg = Release|Any CPU
		{40009F33-51A1-49E4-9C94-890EAED26593}.Release|ARM.Build.0 = Release|Any CPU
		{40009F33-51A1-49E4-9C94-890EAED26593}.Release|iPhone.ActiveCfg = Release|Any CPU
		{40009F33-51A1-49E4-9C94-890EAED26593}.Release|iPhone.Build.0 = Release|Any CPU
		{40009F33-51A1-49E4-9C94-890EAED26593}.Release|iPhoneSimulator.ActiveCfg = Release|Any CPU
		{40009F33-51A1-49E4-9C94-890EAED26593}.Release|iPhoneSimulator.Build.0 = Release|Any CPU
		{40009F33-51A1-49E4-9C94-890EAED26593}.Release|x64.ActiveCfg = Release|Any CPU
		{40009F33-51A1-49E4-9C94-890EAED26593}.Release|x64.Build.0 = Release|Any CPU
		{40009F33-51A1-49E4-9C94-890EAED26593}.Release|x86.ActiveCfg = Release|Any CPU
		{40009F33-51A1-49E4-9C94-890EAED26593}.Release|x86.Build.0 = Release|Any CPU
	EndGlobalSection
	GlobalSection(SolutionProperties) = preSolution
		HideSolutionNode = FALSE
	EndGlobalSection
	GlobalSection(NestedProjects) = preSolution
		{CB59A887-9999-4656-BDF0-CD47F3E1B1AA} = {C5F9A714-9CE7-497F-A69F-141724136D09}
		{59BC64BF-1DBD-4503-8D43-B6CE2E793D28} = {C5F9A714-9CE7-497F-A69F-141724136D09}
		{6893208B-5D12-437D-9CA6-BD3874534750} = {C5F9A714-9CE7-497F-A69F-141724136D09}
		{74BD10E3-1652-45C3-B16F-A6FFDD0D2AB5} = {C5F9A714-9CE7-497F-A69F-141724136D09}
		{C5F9A714-9CE7-497F-A69F-141724136D09} = {F1C4E466-D9EE-4A35-911A-76B0D2EE7957}
		{56671F51-296E-4D10-B720-730D6B68AB4E} = {8D8122E2-5EEF-428F-86B7-36E80CD66E8C}
		{8D8122E2-5EEF-428F-86B7-36E80CD66E8C} = {F1C4E466-D9EE-4A35-911A-76B0D2EE7957}
		{80A96B52-6758-4BDB-B0B4-CEA4CA155C60} = {8D8122E2-5EEF-428F-86B7-36E80CD66E8C}
		{91FEA572-D946-42D6-BDEA-A13501D53601} = {8D8122E2-5EEF-428F-86B7-36E80CD66E8C}
	EndGlobalSection
	GlobalSection(ExtensibilityGlobals) = postSolution
		SolutionGuid = {8FBD8CA4-4683-402C-9F07-A591F7AB32D5}
	EndGlobalSection
EndGlobal
