Microsoft Visual Studio Solution File, Format Version 12.00
# Visual Studio 15
VisualStudioVersion = 15.0.26228.9
MinimumVisualStudioVersion = 10.0.40219.1
Project("{D954291E-2A0B-460D-934E-DC6B0785DB48}") = "Plugin.AudioRecorder.Shared", "Plugin.AudioRecorder.Shared\Plugin.AudioRecorder.Shared.shproj", "{9AED26BA-C245-40D1-B6BD-F881B2219397}"
EndProject
Project("{FAE04EC0-301F-11D3-BF4B-00C04F79EFBC}") = "Plugin.AudioRecorder.iOS", "Plugin.AudioRecorder.iOS\Plugin.AudioRecorder.iOS.csproj", "{89B77E69-9F7F-4300-9C9F-0A55D34EAFFB}"
EndProject
Project("{FAE04EC0-301F-11D3-BF4B-00C04F79EFBC}") = "Plugin.AudioRecorder.Android", "Plugin.AudioRecorder.Android\Plugin.AudioRecorder.Android.csproj", "{26645807-54DF-4803-AB7F-C9D39E84120F}"
EndProject
Project("{5DD5E4FA-CB73-4610-85AB-557B54E96AA9}") = "Plugin.AudioRecorder.NuGet", "Plugin.AudioRecorder.NuGet\Plugin.AudioRecorder.NuGet.nuproj", "{456390A2-0622-460A-B2F7-2FBD4A9BA868}"
EndProject
Project("{FAE04EC0-301F-11D3-BF4B-00C04F79EFBC}") = "Plugin.AudioRecorder.UWP", "Plugin.AudioRecorder.UWP\Plugin.AudioRecorder.UWP.csproj", "{63ACDD90-C65C-4060-BFA3-4ED608FF1BE7}"
EndProject
Project("{FAE04EC0-301F-11D3-BF4B-00C04F79EFBC}") = "AudioRecord.UWP", "Samples\AudioRecord.UWP\AudioRecord.UWP.csproj", "{7145175F-568A-4E29-B977-EC8CEF6102D6}"
EndProject
Project("{2150E333-8FDC-42A3-9474-1A3956D46DE8}") = "Samples", "Samples", "{A881BD67-DD9B-4CAD-B0EC-3080AC2FA187}"
EndProject
Project("{FAE04EC0-301F-11D3-BF4B-00C04F79EFBC}") = "AudioRecord.Android", "Samples\AudioRecord.Android\AudioRecord.Android.csproj", "{BAA47E1C-A5F2-428A-88E4-BA20B5A56230}"
EndProject
Global
	GlobalSection(SharedMSBuildProjectFiles) = preSolution
		Plugin.AudioRecorder.Shared\Plugin.AudioRecorder.Shared.projitems*{26645807-54df-4803-ab7f-c9d39e84120f}*SharedItemsImports = 4
		Plugin.AudioRecorder.Shared\Plugin.AudioRecorder.Shared.projitems*{63acdd90-c65c-4060-bfa3-4ed608ff1be7}*SharedItemsImports = 4
		Plugin.AudioRecorder.Shared\Plugin.AudioRecorder.Shared.projitems*{89b77e69-9f7f-4300-9c9f-0a55d34eaffb}*SharedItemsImports = 4
		Plugin.AudioRecorder.Shared\Plugin.AudioRecorder.Shared.projitems*{9aed26ba-c245-40d1-b6bd-f881b2219397}*SharedItemsImports = 13
	EndGlobalSection
	GlobalSection(SolutionConfigurationPlatforms) = preSolution
		Debug|Any CPU = Debug|Any CPU
		Debug|ARM = Debug|ARM
		Debug|x64 = Debug|x64
		Debug|x86 = Debug|x86
		Release|Any CPU = Release|Any CPU
		Release|ARM = Release|ARM
		Release|x64 = Release|x64
		Release|x86 = Release|x86
	EndGlobalSection
	GlobalSection(ProjectConfigurationPlatforms) = postSolution
		{89B77E69-9F7F-4300-9C9F-0A55D34EAFFB}.Debug|Any CPU.ActiveCfg = Debug|Any CPU
		{89B77E69-9F7F-4300-9C9F-0A55D34EAFFB}.Debug|Any CPU.Build.0 = Debug|Any CPU
		{89B77E69-9F7F-4300-9C9F-0A55D34EAFFB}.Debug|ARM.ActiveCfg = Debug|Any CPU
		{89B77E69-9F7F-4300-9C9F-0A55D34EAFFB}.Debug|ARM.Build.0 = Debug|Any CPU
		{89B77E69-9F7F-4300-9C9F-0A55D34EAFFB}.Debug|x64.ActiveCfg = Debug|Any CPU
		{89B77E69-9F7F-4300-9C9F-0A55D34EAFFB}.Debug|x64.Build.0 = Debug|Any CPU
		{89B77E69-9F7F-4300-9C9F-0A55D34EAFFB}.Debug|x86.ActiveCfg = Debug|Any CPU
		{89B77E69-9F7F-4300-9C9F-0A55D34EAFFB}.Debug|x86.Build.0 = Debug|Any CPU
		{89B77E69-9F7F-4300-9C9F-0A55D34EAFFB}.Release|Any CPU.ActiveCfg = Release|Any CPU
		{89B77E69-9F7F-4300-9C9F-0A55D34EAFFB}.Release|Any CPU.Build.0 = Release|Any CPU
		{89B77E69-9F7F-4300-9C9F-0A55D34EAFFB}.Release|ARM.ActiveCfg = Release|Any CPU
		{89B77E69-9F7F-4300-9C9F-0A55D34EAFFB}.Release|ARM.Build.0 = Release|Any CPU
		{89B77E69-9F7F-4300-9C9F-0A55D34EAFFB}.Release|x64.ActiveCfg = Release|Any CPU
		{89B77E69-9F7F-4300-9C9F-0A55D34EAFFB}.Release|x64.Build.0 = Release|Any CPU
		{89B77E69-9F7F-4300-9C9F-0A55D34EAFFB}.Release|x86.ActiveCfg = Release|Any CPU
		{89B77E69-9F7F-4300-9C9F-0A55D34EAFFB}.Release|x86.Build.0 = Release|Any CPU
		{26645807-54DF-4803-AB7F-C9D39E84120F}.Debug|Any CPU.ActiveCfg = Debug|Any CPU
		{26645807-54DF-4803-AB7F-C9D39E84120F}.Debug|Any CPU.Build.0 = Debug|Any CPU
		{26645807-54DF-4803-AB7F-C9D39E84120F}.Debug|ARM.ActiveCfg = Debug|Any CPU
		{26645807-54DF-4803-AB7F-C9D39E84120F}.Debug|ARM.Build.0 = Debug|Any CPU
		{26645807-54DF-4803-AB7F-C9D39E84120F}.Debug|x64.ActiveCfg = Debug|Any CPU
		{26645807-54DF-4803-AB7F-C9D39E84120F}.Debug|x64.Build.0 = Debug|Any CPU
		{26645807-54DF-4803-AB7F-C9D39E84120F}.Debug|x86.ActiveCfg = Debug|Any CPU
		{26645807-54DF-4803-AB7F-C9D39E84120F}.Debug|x86.Build.0 = Debug|Any CPU
		{26645807-54DF-4803-AB7F-C9D39E84120F}.Release|Any CPU.ActiveCfg = Release|Any CPU
		{26645807-54DF-4803-AB7F-C9D39E84120F}.Release|Any CPU.Build.0 = Release|Any CPU
		{26645807-54DF-4803-AB7F-C9D39E84120F}.Release|ARM.ActiveCfg = Release|Any CPU
		{26645807-54DF-4803-AB7F-C9D39E84120F}.Release|ARM.Build.0 = Release|Any CPU
		{26645807-54DF-4803-AB7F-C9D39E84120F}.Release|x64.ActiveCfg = Release|Any CPU
		{26645807-54DF-4803-AB7F-C9D39E84120F}.Release|x64.Build.0 = Release|Any CPU
		{26645807-54DF-4803-AB7F-C9D39E84120F}.Release|x86.ActiveCfg = Release|Any CPU
		{26645807-54DF-4803-AB7F-C9D39E84120F}.Release|x86.Build.0 = Release|Any CPU
		{456390A2-0622-460A-B2F7-2FBD4A9BA868}.Debug|Any CPU.ActiveCfg = Debug|Any CPU
		{456390A2-0622-460A-B2F7-2FBD4A9BA868}.Debug|Any CPU.Build.0 = Debug|Any CPU
		{456390A2-0622-460A-B2F7-2FBD4A9BA868}.Debug|ARM.ActiveCfg = Debug|Any CPU
		{456390A2-0622-460A-B2F7-2FBD4A9BA868}.Debug|ARM.Build.0 = Debug|Any CPU
		{456390A2-0622-460A-B2F7-2FBD4A9BA868}.Debug|x64.ActiveCfg = Debug|Any CPU
		{456390A2-0622-460A-B2F7-2FBD4A9BA868}.Debug|x64.Build.0 = Debug|Any CPU
		{456390A2-0622-460A-B2F7-2FBD4A9BA868}.Debug|x86.ActiveCfg = Debug|Any CPU
		{456390A2-0622-460A-B2F7-2FBD4A9BA868}.Debug|x86.Build.0 = Debug|Any CPU
		{456390A2-0622-460A-B2F7-2FBD4A9BA868}.Release|Any CPU.ActiveCfg = Release|Any CPU
		{456390A2-0622-460A-B2F7-2FBD4A9BA868}.Release|Any CPU.Build.0 = Release|Any CPU
		{456390A2-0622-460A-B2F7-2FBD4A9BA868}.Release|ARM.ActiveCfg = Release|Any CPU
		{456390A2-0622-460A-B2F7-2FBD4A9BA868}.Release|ARM.Build.0 = Release|Any CPU
		{456390A2-0622-460A-B2F7-2FBD4A9BA868}.Release|x64.ActiveCfg = Release|Any CPU
		{456390A2-0622-460A-B2F7-2FBD4A9BA868}.Release|x64.Build.0 = Release|Any CPU
		{456390A2-0622-460A-B2F7-2FBD4A9BA868}.Release|x86.ActiveCfg = Release|Any CPU
		{456390A2-0622-460A-B2F7-2FBD4A9BA868}.Release|x86.Build.0 = Release|Any CPU
		{63ACDD90-C65C-4060-BFA3-4ED608FF1BE7}.Debug|Any CPU.ActiveCfg = Debug|Any CPU
		{63ACDD90-C65C-4060-BFA3-4ED608FF1BE7}.Debug|Any CPU.Build.0 = Debug|Any CPU
		{63ACDD90-C65C-4060-BFA3-4ED608FF1BE7}.Debug|ARM.ActiveCfg = Debug|ARM
		{63ACDD90-C65C-4060-BFA3-4ED608FF1BE7}.Debug|ARM.Build.0 = Debug|ARM
		{63ACDD90-C65C-4060-BFA3-4ED608FF1BE7}.Debug|x64.ActiveCfg = Debug|x64
		{63ACDD90-C65C-4060-BFA3-4ED608FF1BE7}.Debug|x64.Build.0 = Debug|x64
		{63ACDD90-C65C-4060-BFA3-4ED608FF1BE7}.Debug|x86.ActiveCfg = Debug|x86
		{63ACDD90-C65C-4060-BFA3-4ED608FF1BE7}.Debug|x86.Build.0 = Debug|x86
		{63ACDD90-C65C-4060-BFA3-4ED608FF1BE7}.Release|Any CPU.ActiveCfg = Release|Any CPU
		{63ACDD90-C65C-4060-BFA3-4ED608FF1BE7}.Release|Any CPU.Build.0 = Release|Any CPU
		{63ACDD90-C65C-4060-BFA3-4ED608FF1BE7}.Release|ARM.ActiveCfg = Release|ARM
		{63ACDD90-C65C-4060-BFA3-4ED608FF1BE7}.Release|ARM.Build.0 = Release|ARM
		{63ACDD90-C65C-4060-BFA3-4ED608FF1BE7}.Release|x64.ActiveCfg = Release|x64
		{63ACDD90-C65C-4060-BFA3-4ED608FF1BE7}.Release|x64.Build.0 = Release|x64
		{63ACDD90-C65C-4060-BFA3-4ED608FF1BE7}.Release|x86.ActiveCfg = Release|x86
		{63ACDD90-C65C-4060-BFA3-4ED608FF1BE7}.Release|x86.Build.0 = Release|x86
		{7145175F-568A-4E29-B977-EC8CEF6102D6}.Debug|Any CPU.ActiveCfg = Debug|x86
		{7145175F-568A-4E29-B977-EC8CEF6102D6}.Debug|Any CPU.Build.0 = Debug|x86
		{7145175F-568A-4E29-B977-EC8CEF6102D6}.Debug|Any CPU.Deploy.0 = Debug|x86
		{7145175F-568A-4E29-B977-EC8CEF6102D6}.Debug|ARM.ActiveCfg = Debug|ARM
		{7145175F-568A-4E29-B977-EC8CEF6102D6}.Debug|ARM.Build.0 = Debug|ARM
		{7145175F-568A-4E29-B977-EC8CEF6102D6}.Debug|ARM.Deploy.0 = Debug|ARM
		{7145175F-568A-4E29-B977-EC8CEF6102D6}.Debug|x64.ActiveCfg = Debug|x64
		{7145175F-568A-4E29-B977-EC8CEF6102D6}.Debug|x64.Build.0 = Debug|x64
		{7145175F-568A-4E29-B977-EC8CEF6102D6}.Debug|x64.Deploy.0 = Debug|x64
		{7145175F-568A-4E29-B977-EC8CEF6102D6}.Debug|x86.ActiveCfg = Debug|x86
		{7145175F-568A-4E29-B977-EC8CEF6102D6}.Debug|x86.Build.0 = Debug|x86
		{7145175F-568A-4E29-B977-EC8CEF6102D6}.Debug|x86.Deploy.0 = Debug|x86
		{7145175F-568A-4E29-B977-EC8CEF6102D6}.Release|Any CPU.ActiveCfg = Release|x86
		{7145175F-568A-4E29-B977-EC8CEF6102D6}.Release|ARM.ActiveCfg = Release|ARM
		{7145175F-568A-4E29-B977-EC8CEF6102D6}.Release|ARM.Build.0 = Release|ARM
		{7145175F-568A-4E29-B977-EC8CEF6102D6}.Release|ARM.Deploy.0 = Release|ARM
		{7145175F-568A-4E29-B977-EC8CEF6102D6}.Release|x64.ActiveCfg = Release|x64
		{7145175F-568A-4E29-B977-EC8CEF6102D6}.Release|x64.Build.0 = Release|x64
		{7145175F-568A-4E29-B977-EC8CEF6102D6}.Release|x64.Deploy.0 = Release|x64
		{7145175F-568A-4E29-B977-EC8CEF6102D6}.Release|x86.ActiveCfg = Release|x86
		{7145175F-568A-4E29-B977-EC8CEF6102D6}.Release|x86.Build.0 = Release|x86
		{7145175F-568A-4E29-B977-EC8CEF6102D6}.Release|x86.Deploy.0 = Release|x86
		{BAA47E1C-A5F2-428A-88E4-BA20B5A56230}.Debug|Any CPU.ActiveCfg = Debug|Any CPU
		{BAA47E1C-A5F2-428A-88E4-BA20B5A56230}.Debug|Any CPU.Build.0 = Debug|Any CPU
		{BAA47E1C-A5F2-428A-88E4-BA20B5A56230}.Debug|ARM.ActiveCfg = Debug|Any CPU
		{BAA47E1C-A5F2-428A-88E4-BA20B5A56230}.Debug|ARM.Build.0 = Debug|Any CPU
		{BAA47E1C-A5F2-428A-88E4-BA20B5A56230}.Debug|x64.ActiveCfg = Debug|Any CPU
		{BAA47E1C-A5F2-428A-88E4-BA20B5A56230}.Debug|x64.Build.0 = Debug|Any CPU
		{BAA47E1C-A5F2-428A-88E4-BA20B5A56230}.Debug|x86.ActiveCfg = Debug|Any CPU
		{BAA47E1C-A5F2-428A-88E4-BA20B5A56230}.Debug|x86.Build.0 = Debug|Any CPU
		{BAA47E1C-A5F2-428A-88E4-BA20B5A56230}.Release|Any CPU.ActiveCfg = Release|Any CPU
		{BAA47E1C-A5F2-428A-88E4-BA20B5A56230}.Release|Any CPU.Build.0 = Release|Any CPU
		{BAA47E1C-A5F2-428A-88E4-BA20B5A56230}.Release|ARM.ActiveCfg = Release|Any CPU
		{BAA47E1C-A5F2-428A-88E4-BA20B5A56230}.Release|ARM.Build.0 = Release|Any CPU
		{BAA47E1C-A5F2-428A-88E4-BA20B5A56230}.Release|x64.ActiveCfg = Release|Any CPU
		{BAA47E1C-A5F2-428A-88E4-BA20B5A56230}.Release|x64.Build.0 = Release|Any CPU
		{BAA47E1C-A5F2-428A-88E4-BA20B5A56230}.Release|x86.ActiveCfg = Release|Any CPU
		{BAA47E1C-A5F2-428A-88E4-BA20B5A56230}.Release|x86.Build.0 = Release|Any CPU
	EndGlobalSection
	GlobalSection(SolutionProperties) = preSolution
		HideSolutionNode = FALSE
	EndGlobalSection
	GlobalSection(NestedProjects) = preSolution
		{7145175F-568A-4E29-B977-EC8CEF6102D6} = {A881BD67-DD9B-4CAD-B0EC-3080AC2FA187}
		{BAA47E1C-A5F2-428A-88E4-BA20B5A56230} = {A881BD67-DD9B-4CAD-B0EC-3080AC2FA187}
	EndGlobalSection
EndGlobal
